// !$*UTF8*$!
{
	archiveVersion = 1;
	classes = {
	};
	objectVersion = 50;
	objects = {

/* Begin PBXBuildFile section */
		191B6471219728CC005E5CE6 /* AppDelegate.swift in Sources */ = {isa = PBXBuildFile; fileRef = 191B6470219728CC005E5CE6 /* AppDelegate.swift */; };
		191B6473219728CC005E5CE6 /* MainViewController.swift in Sources */ = {isa = PBXBuildFile; fileRef = 191B6472219728CC005E5CE6 /* MainViewController.swift */; };
		191B6476219728CC005E5CE6 /* Main.storyboard in Resources */ = {isa = PBXBuildFile; fileRef = 191B6474219728CC005E5CE6 /* Main.storyboard */; };
		191B6478219728CD005E5CE6 /* Assets.xcassets in Resources */ = {isa = PBXBuildFile; fileRef = 191B6477219728CD005E5CE6 /* Assets.xcassets */; };
		191B647B219728CD005E5CE6 /* LaunchScreen.storyboard in Resources */ = {isa = PBXBuildFile; fileRef = 191B6479219728CD005E5CE6 /* LaunchScreen.storyboard */; };
		194BF416219D45B100FA6124 /* SearchResultTableViewController.swift in Sources */ = {isa = PBXBuildFile; fileRef = 194BF415219D45B100FA6124 /* SearchResultTableViewController.swift */; };
		1983A9FB2199A7850075252E /* GoogleService-Info.plist in Resources */ = {isa = PBXBuildFile; fileRef = 1983A9FA2199A7850075252E /* GoogleService-Info.plist */; };
		19AF276621983127009488C8 /* Post.swift in Sources */ = {isa = PBXBuildFile; fileRef = 19AF276521983127009488C8 /* Post.swift */; };
		19AF276921983A85009488C8 /* .swiftlint.yml in Resources */ = {isa = PBXBuildFile; fileRef = 19AF276821983A85009488C8 /* .swiftlint.yml */; };
		19C6BBBC2197F8D4002FC39C /* School.swift in Sources */ = {isa = PBXBuildFile; fileRef = 19C6BBBB2197F8D4002FC39C /* School.swift */; };
		BFED3BDCD5CFF8AE0204194A /* Pods_SchoolNoticeNotifier.framework in Frameworks */ = {isa = PBXBuildFile; fileRef = 3A6C0B2F6AAA84FF3E410F34 /* Pods_SchoolNoticeNotifier.framework */; };
/* End PBXBuildFile section */

/* Begin PBXFileReference section */
		089357ABA2BA0DDD96EADD67 /* Pods-SchoolNoticeNotifier.debug.xcconfig */ = {isa = PBXFileReference; includeInIndex = 1; lastKnownFileType = text.xcconfig; name = "Pods-SchoolNoticeNotifier.debug.xcconfig"; path = "Target Support Files/Pods-SchoolNoticeNotifier/Pods-SchoolNoticeNotifier.debug.xcconfig"; sourceTree = "<group>"; };
		191B646D219728CC005E5CE6 /* SchoolNoticeNotifier.app */ = {isa = PBXFileReference; explicitFileType = wrapper.application; includeInIndex = 0; path = SchoolNoticeNotifier.app; sourceTree = BUILT_PRODUCTS_DIR; };
		191B6470219728CC005E5CE6 /* AppDelegate.swift */ = {isa = PBXFileReference; lastKnownFileType = sourcecode.swift; path = AppDelegate.swift; sourceTree = "<group>"; };
		191B6472219728CC005E5CE6 /* MainViewController.swift */ = {isa = PBXFileReference; lastKnownFileType = sourcecode.swift; path = MainViewController.swift; sourceTree = "<group>"; };
		191B6475219728CC005E5CE6 /* Base */ = {isa = PBXFileReference; lastKnownFileType = file.storyboard; name = Base; path = Base.lproj/Main.storyboard; sourceTree = "<group>"; };
		191B6477219728CD005E5CE6 /* Assets.xcassets */ = {isa = PBXFileReference; lastKnownFileType = folder.assetcatalog; path = Assets.xcassets; sourceTree = "<group>"; };
		191B647A219728CD005E5CE6 /* Base */ = {isa = PBXFileReference; lastKnownFileType = file.storyboard; name = Base; path = Base.lproj/LaunchScreen.storyboard; sourceTree = "<group>"; };
		191B647C219728CD005E5CE6 /* Info.plist */ = {isa = PBXFileReference; lastKnownFileType = text.plist.xml; path = Info.plist; sourceTree = "<group>"; };
		194BF415219D45B100FA6124 /* SearchResultTableViewController.swift */ = {isa = PBXFileReference; lastKnownFileType = sourcecode.swift; path = SearchResultTableViewController.swift; sourceTree = "<group>"; };
		1983A9FA2199A7850075252E /* GoogleService-Info.plist */ = {isa = PBXFileReference; fileEncoding = 4; lastKnownFileType = text.plist.xml; path = "GoogleService-Info.plist"; sourceTree = "<group>"; };
		19AF276521983127009488C8 /* Post.swift */ = {isa = PBXFileReference; lastKnownFileType = sourcecode.swift; path = Post.swift; sourceTree = "<group>"; };
		19AF276821983A85009488C8 /* .swiftlint.yml */ = {isa = PBXFileReference; lastKnownFileType = text; path = .swiftlint.yml; sourceTree = "<group>"; };
		19AF276A21990874009488C8 /* SchoolNoticeNotifier.entitlements */ = {isa = PBXFileReference; lastKnownFileType = text.plist.entitlements; path = SchoolNoticeNotifier.entitlements; sourceTree = "<group>"; };
		19C6BBBB2197F8D4002FC39C /* School.swift */ = {isa = PBXFileReference; lastKnownFileType = sourcecode.swift; path = School.swift; sourceTree = "<group>"; };
		3A6C0B2F6AAA84FF3E410F34 /* Pods_SchoolNoticeNotifier.framework */ = {isa = PBXFileReference; explicitFileType = wrapper.framework; includeInIndex = 0; path = Pods_SchoolNoticeNotifier.framework; sourceTree = BUILT_PRODUCTS_DIR; };
		F426E474B061444034E34869 /* Pods-SchoolNoticeNotifier.release.xcconfig */ = {isa = PBXFileReference; includeInIndex = 1; lastKnownFileType = text.xcconfig; name = "Pods-SchoolNoticeNotifier.release.xcconfig"; path = "Target Support Files/Pods-SchoolNoticeNotifier/Pods-SchoolNoticeNotifier.release.xcconfig"; sourceTree = "<group>"; };
/* End PBXFileReference section */

/* Begin PBXFrameworksBuildPhase section */
		191B646A219728CC005E5CE6 /* Frameworks */ = {
			isa = PBXFrameworksBuildPhase;
			buildActionMask = 2147483647;
			files = (
				BFED3BDCD5CFF8AE0204194A /* Pods_SchoolNoticeNotifier.framework in Frameworks */,
			);
			runOnlyForDeploymentPostprocessing = 0;
		};
/* End PBXFrameworksBuildPhase section */

/* Begin PBXGroup section */
		191B6464219728CC005E5CE6 = {
			isa = PBXGroup;
			children = (
				19AF276821983A85009488C8 /* .swiftlint.yml */,
				191B646F219728CC005E5CE6 /* SchoolNoticeNotifier */,
				191B646E219728CC005E5CE6 /* Products */,
				CCA741B89CEFB0D6DF343890 /* Pods */,
				D28A8B54E183E327858CCF1C /* Frameworks */,
			);
			sourceTree = "<group>";
		};
		191B646E219728CC005E5CE6 /* Products */ = {
			isa = PBXGroup;
			children = (
				191B646D219728CC005E5CE6 /* SchoolNoticeNotifier.app */,
			);
			name = Products;
			sourceTree = "<group>";
		};
		191B646F219728CC005E5CE6 /* SchoolNoticeNotifier */ = {
			isa = PBXGroup;
			children = (
				191B647C219728CD005E5CE6 /* Info.plist */,
				1983A9FA2199A7850075252E /* GoogleService-Info.plist */,
				19AF276A21990874009488C8 /* SchoolNoticeNotifier.entitlements */,
				19C6BBBA2197F8C6002FC39C /* Model */,
				194BF418219D495400FA6124 /* View */,
				194BF417219D494A00FA6124 /* Controller */,
				196499A32197F1F500BEE6C1 /* Supporting Files */,
			);
			path = SchoolNoticeNotifier;
			sourceTree = "<group>";
		};
		194BF417219D494A00FA6124 /* Controller */ = {
			isa = PBXGroup;
			children = (
				191B6472219728CC005E5CE6 /* MainViewController.swift */,
				194BF415219D45B100FA6124 /* SearchResultTableViewController.swift */,
			);
			name = Controller;
			sourceTree = "<group>";
		};
		194BF418219D495400FA6124 /* View */ = {
			isa = PBXGroup;
			children = (
				191B6474219728CC005E5CE6 /* Main.storyboard */,
			);
			path = View;
			sourceTree = "<group>";
		};
		196499A32197F1F500BEE6C1 /* Supporting Files */ = {
			isa = PBXGroup;
			children = (
				191B6479219728CD005E5CE6 /* LaunchScreen.storyboard */,
				191B6470219728CC005E5CE6 /* AppDelegate.swift */,
				191B6477219728CD005E5CE6 /* Assets.xcassets */,
			);
			path = "Supporting Files";
			sourceTree = "<group>";
		};
		19C6BBBA2197F8C6002FC39C /* Model */ = {
			isa = PBXGroup;
			children = (
				19C6BBBB2197F8D4002FC39C /* School.swift */,
				19AF276521983127009488C8 /* Post.swift */,
			);
			path = Model;
			sourceTree = "<group>";
		};
		CCA741B89CEFB0D6DF343890 /* Pods */ = {
			isa = PBXGroup;
			children = (
				089357ABA2BA0DDD96EADD67 /* Pods-SchoolNoticeNotifier.debug.xcconfig */,
				F426E474B061444034E34869 /* Pods-SchoolNoticeNotifier.release.xcconfig */,
			);
			path = Pods;
			sourceTree = "<group>";
		};
		D28A8B54E183E327858CCF1C /* Frameworks */ = {
			isa = PBXGroup;
			children = (
				3A6C0B2F6AAA84FF3E410F34 /* Pods_SchoolNoticeNotifier.framework */,
			);
			name = Frameworks;
			sourceTree = "<group>";
		};
/* End PBXGroup section */

/* Begin PBXNativeTarget section */
		191B646C219728CC005E5CE6 /* SchoolNoticeNotifier */ = {
			isa = PBXNativeTarget;
			buildConfigurationList = 191B647F219728CD005E5CE6 /* Build configuration list for PBXNativeTarget "SchoolNoticeNotifier" */;
			buildPhases = (
				3CA93D7283319873BB24B1FE /* [CP] Check Pods Manifest.lock */,
				191B6469219728CC005E5CE6 /* Sources */,
				191B646A219728CC005E5CE6 /* Frameworks */,
				191B646B219728CC005E5CE6 /* Resources */,
				CB26F57C235BA60185148622 /* [CP] Embed Pods Frameworks */,
				19AF276721983822009488C8 /* ShellScript */,
			);
			buildRules = (
			);
			dependencies = (
			);
			name = SchoolNoticeNotifier;
			productName = SchoolNoticeNotifier;
			productReference = 191B646D219728CC005E5CE6 /* SchoolNoticeNotifier.app */;
			productType = "com.apple.product-type.application";
		};
/* End PBXNativeTarget section */

/* Begin PBXProject section */
		191B6465219728CC005E5CE6 /* Project object */ = {
			isa = PBXProject;
			attributes = {
				LastSwiftUpdateCheck = 1010;
				LastUpgradeCheck = 1010;
				ORGANIZATIONNAME = presto;
				TargetAttributes = {
					191B646C219728CC005E5CE6 = {
						CreatedOnToolsVersion = 10.1;
						SystemCapabilities = {
							com.apple.BackgroundModes = {
								enabled = 1;
							};
							com.apple.Push = {
								enabled = 1;
							};
						};
					};
				};
			};
			buildConfigurationList = 191B6468219728CC005E5CE6 /* Build configuration list for PBXProject "SchoolNoticeNotifier" */;
			compatibilityVersion = "Xcode 9.3";
			developmentRegion = en;
			hasScannedForEncodings = 0;
			knownRegions = (
				en,
				Base,
			);
			mainGroup = 191B6464219728CC005E5CE6;
			productRefGroup = 191B646E219728CC005E5CE6 /* Products */;
			projectDirPath = "";
			projectRoot = "";
			targets = (
				191B646C219728CC005E5CE6 /* SchoolNoticeNotifier */,
			);
		};
/* End PBXProject section */

/* Begin PBXResourcesBuildPhase section */
		191B646B219728CC005E5CE6 /* Resources */ = {
			isa = PBXResourcesBuildPhase;
			buildActionMask = 2147483647;
			files = (
				19AF276921983A85009488C8 /* .swiftlint.yml in Resources */,
				191B647B219728CD005E5CE6 /* LaunchScreen.storyboard in Resources */,
				1983A9FB2199A7850075252E /* GoogleService-Info.plist in Resources */,
				191B6478219728CD005E5CE6 /* Assets.xcassets in Resources */,
				191B6476219728CC005E5CE6 /* Main.storyboard in Resources */,
			);
			runOnlyForDeploymentPostprocessing = 0;
		};
/* End PBXResourcesBuildPhase section */

/* Begin PBXShellScriptBuildPhase section */
		19AF276721983822009488C8 /* ShellScript */ = {
			isa = PBXShellScriptBuildPhase;
			buildActionMask = 2147483647;
			files = (
			);
			inputFileListPaths = (
			);
			inputPaths = (
			);
			outputFileListPaths = (
			);
			outputPaths = (
			);
			runOnlyForDeploymentPostprocessing = 0;
			shellPath = /bin/sh;
			shellScript = "${PODS_ROOT}/SwiftLint/swiftlint\n";
		};
		3CA93D7283319873BB24B1FE /* [CP] Check Pods Manifest.lock */ = {
			isa = PBXShellScriptBuildPhase;
			buildActionMask = 2147483647;
			files = (
			);
			inputFileListPaths = (
			);
			inputPaths = (
				"${PODS_PODFILE_DIR_PATH}/Podfile.lock",
				"${PODS_ROOT}/Manifest.lock",
			);
			name = "[CP] Check Pods Manifest.lock";
			outputFileListPaths = (
			);
			outputPaths = (
				"$(DERIVED_FILE_DIR)/Pods-SchoolNoticeNotifier-checkManifestLockResult.txt",
			);
			runOnlyForDeploymentPostprocessing = 0;
			shellPath = /bin/sh;
			shellScript = "diff \"${PODS_PODFILE_DIR_PATH}/Podfile.lock\" \"${PODS_ROOT}/Manifest.lock\" > /dev/null\nif [ $? != 0 ] ; then\n    # print error to STDERR\n    echo \"error: The sandbox is not in sync with the Podfile.lock. Run 'pod install' or update your CocoaPods installation.\" >&2\n    exit 1\nfi\n# This output is used by Xcode 'outputs' to avoid re-running this script phase.\necho \"SUCCESS\" > \"${SCRIPT_OUTPUT_FILE_0}\"\n";
			showEnvVarsInLog = 0;
		};
		CB26F57C235BA60185148622 /* [CP] Embed Pods Frameworks */ = {
			isa = PBXShellScriptBuildPhase;
			buildActionMask = 2147483647;
			files = (
			);
			inputFileListPaths = (
			);
			inputPaths = (
				"${PODS_ROOT}/Target Support Files/Pods-SchoolNoticeNotifier/Pods-SchoolNoticeNotifier-frameworks.sh",
				"${BUILT_PRODUCTS_DIR}/Alamofire/Alamofire.framework",
				"${BUILT_PRODUCTS_DIR}/Carte/Carte.framework",
				"${BUILT_PRODUCTS_DIR}/GoogleUtilities/GoogleUtilities.framework",
				"${BUILT_PRODUCTS_DIR}/Kanna/Kanna.framework",
				"${BUILT_PRODUCTS_DIR}/MarqueeLabel/MarqueeLabel.framework",
				"${BUILT_PRODUCTS_DIR}/Protobuf/Protobuf.framework",
				"${BUILT_PRODUCTS_DIR}/Realm/Realm.framework",
				"${BUILT_PRODUCTS_DIR}/RealmSwift/RealmSwift.framework",
				"${BUILT_PRODUCTS_DIR}/SVProgressHUD/SVProgressHUD.framework",
				"${BUILT_PRODUCTS_DIR}/SkeletonView/SkeletonView.framework",
				"${BUILT_PRODUCTS_DIR}/SnapKit/SnapKit.framework",
				"${BUILT_PRODUCTS_DIR}/nanopb/nanopb.framework",
			);
			name = "[CP] Embed Pods Frameworks";
			outputFileListPaths = (
			);
			outputPaths = (
				"${TARGET_BUILD_DIR}/${FRAMEWORKS_FOLDER_PATH}/Alamofire.framework",
				"${TARGET_BUILD_DIR}/${FRAMEWORKS_FOLDER_PATH}/Carte.framework",
				"${TARGET_BUILD_DIR}/${FRAMEWORKS_FOLDER_PATH}/GoogleUtilities.framework",
				"${TARGET_BUILD_DIR}/${FRAMEWORKS_FOLDER_PATH}/Kanna.framework",
				"${TARGET_BUILD_DIR}/${FRAMEWORKS_FOLDER_PATH}/MarqueeLabel.framework",
				"${TARGET_BUILD_DIR}/${FRAMEWORKS_FOLDER_PATH}/Protobuf.framework",
				"${TARGET_BUILD_DIR}/${FRAMEWORKS_FOLDER_PATH}/Realm.framework",
				"${TARGET_BUILD_DIR}/${FRAMEWORKS_FOLDER_PATH}/RealmSwift.framework",
				"${TARGET_BUILD_DIR}/${FRAMEWORKS_FOLDER_PATH}/SVProgressHUD.framework",
				"${TARGET_BUILD_DIR}/${FRAMEWORKS_FOLDER_PATH}/SkeletonView.framework",
				"${TARGET_BUILD_DIR}/${FRAMEWORKS_FOLDER_PATH}/SnapKit.framework",
				"${TARGET_BUILD_DIR}/${FRAMEWORKS_FOLDER_PATH}/nanopb.framework",
			);
			runOnlyForDeploymentPostprocessing = 0;
			shellPath = /bin/sh;
			shellScript = "\"${PODS_ROOT}/Target Support Files/Pods-SchoolNoticeNotifier/Pods-SchoolNoticeNotifier-frameworks.sh\"\n";
			showEnvVarsInLog = 0;
		};
/* End PBXShellScriptBuildPhase section */

/* Begin PBXSourcesBuildPhase section */
		191B6469219728CC005E5CE6 /* Sources */ = {
			isa = PBXSourcesBuildPhase;
			buildActionMask = 2147483647;
			files = (
				191B6473219728CC005E5CE6 /* MainViewController.swift in Sources */,
				19C6BBBC2197F8D4002FC39C /* School.swift in Sources */,
				191B6471219728CC005E5CE6 /* AppDelegate.swift in Sources */,
				19AF276621983127009488C8 /* Post.swift in Sources */,
				194BF416219D45B100FA6124 /* SearchResultTableViewController.swift in Sources */,
			);
			runOnlyForDeploymentPostprocessing = 0;
		};
/* End PBXSourcesBuildPhase section */

/* Begin PBXVariantGroup section */
		191B6474219728CC005E5CE6 /* Main.storyboard */ = {
			isa = PBXVariantGroup;
			children = (
				191B6475219728CC005E5CE6 /* Base */,
			);
			name = Main.storyboard;
			sourceTree = "<group>";
		};
		191B6479219728CD005E5CE6 /* LaunchScreen.storyboard */ = {
			isa = PBXVariantGroup;
			children = (
				191B647A219728CD005E5CE6 /* Base */,
			);
			name = LaunchScreen.storyboard;
			sourceTree = "<group>";
		};
/* End PBXVariantGroup section */

/* Begin XCBuildConfiguration section */
		191B647D219728CD005E5CE6 /* Debug */ = {
			isa = XCBuildConfiguration;
			buildSettings = {
				ALWAYS_SEARCH_USER_PATHS = NO;
				CLANG_ANALYZER_NONNULL = YES;
				CLANG_ANALYZER_NUMBER_OBJECT_CONVERSION = YES_AGGRESSIVE;
				CLANG_CXX_LANGUAGE_STANDARD = "gnu++14";
				CLANG_CXX_LIBRARY = "libc++";
				CLANG_ENABLE_MODULES = YES;
				CLANG_ENABLE_OBJC_ARC = YES;
				CLANG_ENABLE_OBJC_WEAK = YES;
				CLANG_WARN_BLOCK_CAPTURE_AUTORELEASING = YES;
				CLANG_WARN_BOOL_CONVERSION = YES;
				CLANG_WARN_COMMA = YES;
				CLANG_WARN_CONSTANT_CONVERSION = YES;
				CLANG_WARN_DEPRECATED_OBJC_IMPLEMENTATIONS = YES;
				CLANG_WARN_DIRECT_OBJC_ISA_USAGE = YES_ERROR;
				CLANG_WARN_DOCUMENTATION_COMMENTS = YES;
				CLANG_WARN_EMPTY_BODY = YES;
				CLANG_WARN_ENUM_CONVERSION = YES;
				CLANG_WARN_INFINITE_RECURSION = YES;
				CLANG_WARN_INT_CONVERSION = YES;
				CLANG_WARN_NON_LITERAL_NULL_CONVERSION = YES;
				CLANG_WARN_OBJC_IMPLICIT_RETAIN_SELF = YES;
				CLANG_WARN_OBJC_LITERAL_CONVERSION = YES;
				CLANG_WARN_OBJC_ROOT_CLASS = YES_ERROR;
				CLANG_WARN_RANGE_LOOP_ANALYSIS = YES;
				CLANG_WARN_STRICT_PROTOTYPES = YES;
				CLANG_WARN_SUSPICIOUS_MOVE = YES;
				CLANG_WARN_UNGUARDED_AVAILABILITY = YES_AGGRESSIVE;
				CLANG_WARN_UNREACHABLE_CODE = YES;
				CLANG_WARN__DUPLICATE_METHOD_MATCH = YES;
				CODE_SIGN_IDENTITY = "iPhone Developer";
				COPY_PHASE_STRIP = NO;
				DEBUG_INFORMATION_FORMAT = dwarf;
				ENABLE_STRICT_OBJC_MSGSEND = YES;
				ENABLE_TESTABILITY = YES;
				GCC_C_LANGUAGE_STANDARD = gnu11;
				GCC_DYNAMIC_NO_PIC = NO;
				GCC_NO_COMMON_BLOCKS = YES;
				GCC_OPTIMIZATION_LEVEL = 0;
				GCC_PREPROCESSOR_DEFINITIONS = (
					"DEBUG=1",
					"$(inherited)",
				);
				GCC_WARN_64_TO_32_BIT_CONVERSION = YES;
				GCC_WARN_ABOUT_RETURN_TYPE = YES_ERROR;
				GCC_WARN_UNDECLARED_SELECTOR = YES;
				GCC_WARN_UNINITIALIZED_AUTOS = YES_AGGRESSIVE;
				GCC_WARN_UNUSED_FUNCTION = YES;
				GCC_WARN_UNUSED_VARIABLE = YES;
				IPHONEOS_DEPLOYMENT_TARGET = 11.0;
				MTL_ENABLE_DEBUG_INFO = INCLUDE_SOURCE;
				MTL_FAST_MATH = YES;
				ONLY_ACTIVE_ARCH = YES;
				SDKROOT = iphoneos;
				SWIFT_ACTIVE_COMPILATION_CONDITIONS = DEBUG;
				SWIFT_OPTIMIZATION_LEVEL = "-Onone";
			};
			name = Debug;
		};
		191B647E219728CD005E5CE6 /* Release */ = {
			isa = XCBuildConfiguration;
			buildSettings = {
				ALWAYS_SEARCH_USER_PATHS = NO;
				CLANG_ANALYZER_NONNULL = YES;
				CLANG_ANALYZER_NUMBER_OBJECT_CONVERSION = YES_AGGRESSIVE;
				CLANG_CXX_LANGUAGE_STANDARD = "gnu++14";
				CLANG_CXX_LIBRARY = "libc++";
				CLANG_ENABLE_MODULES = YES;
				CLANG_ENABLE_OBJC_ARC = YES;
				CLANG_ENABLE_OBJC_WEAK = YES;
				CLANG_WARN_BLOCK_CAPTURE_AUTORELEASING = YES;
				CLANG_WARN_BOOL_CONVERSION = YES;
				CLANG_WARN_COMMA = YES;
				CLANG_WARN_CONSTANT_CONVERSION = YES;
				CLANG_WARN_DEPRECATED_OBJC_IMPLEMENTATIONS = YES;
				CLANG_WARN_DIRECT_OBJC_ISA_USAGE = YES_ERROR;
				CLANG_WARN_DOCUMENTATION_COMMENTS = YES;
				CLANG_WARN_EMPTY_BODY = YES;
				CLANG_WARN_ENUM_CONVERSION = YES;
				CLANG_WARN_INFINITE_RECURSION = YES;
				CLANG_WARN_INT_CONVERSION = YES;
				CLANG_WARN_NON_LITERAL_NULL_CONVERSION = YES;
				CLANG_WARN_OBJC_IMPLICIT_RETAIN_SELF = YES;
				CLANG_WARN_OBJC_LITERAL_CONVERSION = YES;
				CLANG_WARN_OBJC_ROOT_CLASS = YES_ERROR;
				CLANG_WARN_RANGE_LOOP_ANALYSIS = YES;
				CLANG_WARN_STRICT_PROTOTYPES = YES;
				CLANG_WARN_SUSPICIOUS_MOVE = YES;
				CLANG_WARN_UNGUARDED_AVAILABILITY = YES_AGGRESSIVE;
				CLANG_WARN_UNREACHABLE_CODE = YES;
				CLANG_WARN__DUPLICATE_METHOD_MATCH = YES;
				CODE_SIGN_IDENTITY = "iPhone Developer";
				COPY_PHASE_STRIP = NO;
				DEBUG_INFORMATION_FORMAT = "dwarf-with-dsym";
				ENABLE_NS_ASSERTIONS = NO;
				ENABLE_STRICT_OBJC_MSGSEND = YES;
				GCC_C_LANGUAGE_STANDARD = gnu11;
				GCC_NO_COMMON_BLOCKS = YES;
				GCC_WARN_64_TO_32_BIT_CONVERSION = YES;
				GCC_WARN_ABOUT_RETURN_TYPE = YES_ERROR;
				GCC_WARN_UNDECLARED_SELECTOR = YES;
				GCC_WARN_UNINITIALIZED_AUTOS = YES_AGGRESSIVE;
				GCC_WARN_UNUSED_FUNCTION = YES;
				GCC_WARN_UNUSED_VARIABLE = YES;
				IPHONEOS_DEPLOYMENT_TARGET = 11.0;
				MTL_ENABLE_DEBUG_INFO = NO;
				MTL_FAST_MATH = YES;
				SDKROOT = iphoneos;
				SWIFT_COMPILATION_MODE = wholemodule;
				SWIFT_OPTIMIZATION_LEVEL = "-O";
				VALIDATE_PRODUCT = YES;
			};
			name = Release;
		};
		191B6480219728CD005E5CE6 /* Debug */ = {
			isa = XCBuildConfiguration;
			baseConfigurationReference = 089357ABA2BA0DDD96EADD67 /* Pods-SchoolNoticeNotifier.debug.xcconfig */;
			buildSettings = {
				ASSETCATALOG_COMPILER_APPICON_NAME = AppIcon;
				CODE_SIGN_ENTITLEMENTS = SchoolNoticeNotifier/SchoolNoticeNotifier.entitlements;
				CODE_SIGN_STYLE = Automatic;
				DEVELOPMENT_TEAM = H79MF628K3;
				INFOPLIST_FILE = SchoolNoticeNotifier/Info.plist;
				IPHONEOS_DEPLOYMENT_TARGET = 11.0;
				LD_RUNPATH_SEARCH_PATHS = (
					"$(inherited)",
					"@executable_path/Frameworks",
				);
				PRODUCT_BUNDLE_IDENTIFIER = com.presto.SchoolNoticeNotifier;
				PRODUCT_NAME = "$(TARGET_NAME)";
				SWIFT_VERSION = 4.2;
				TARGETED_DEVICE_FAMILY = 1;
			};
			name = Debug;
		};
		191B6481219728CD005E5CE6 /* Release */ = {
			isa = XCBuildConfiguration;
			baseConfigurationReference = F426E474B061444034E34869 /* Pods-SchoolNoticeNotifier.release.xcconfig */;
			buildSettings = {
				ASSETCATALOG_COMPILER_APPICON_NAME = AppIcon;
				CODE_SIGN_ENTITLEMENTS = SchoolNoticeNotifier/SchoolNoticeNotifier.entitlements;
				CODE_SIGN_STYLE = Automatic;
				DEVELOPMENT_TEAM = H79MF628K3;
				INFOPLIST_FILE = SchoolNoticeNotifier/Info.plist;
				IPHONEOS_DEPLOYMENT_TARGET = 11.0;
				LD_RUNPATH_SEARCH_PATHS = (
					"$(inherited)",
					"@executable_path/Frameworks",
				);
				PRODUCT_BUNDLE_IDENTIFIER = com.presto.SchoolNoticeNotifier;
				PRODUCT_NAME = "$(TARGET_NAME)";
				SWIFT_VERSION = 4.2;
				TARGETED_DEVICE_FAMILY = 1;
			};
			name = Release;
		};
/* End XCBuildConfiguration section */

/* Begin XCConfigurationList section */
		191B6468219728CC005E5CE6 /* Build configuration list for PBXProject "SchoolNoticeNotifier" */ = {
			isa = XCConfigurationList;
			buildConfigurations = (
				191B647D219728CD005E5CE6 /* Debug */,
				191B647E219728CD005E5CE6 /* Release */,
			);
			defaultConfigurationIsVisible = 0;
			defaultConfigurationName = Release;
		};
		191B647F219728CD005E5CE6 /* Build configuration list for PBXNativeTarget "SchoolNoticeNotifier" */ = {
			isa = XCConfigurationList;
			buildConfigurations = (
				191B6480219728CD005E5CE6 /* Debug */,
				191B6481219728CD005E5CE6 /* Release */,
			);
			defaultConfigurationIsVisible = 0;
			defaultConfigurationName = Release;
		};
/* End XCConfigurationList section */
	};
	rootObject = 191B6465219728CC005E5CE6 /* Project object */;
}
