// !$*UTF8*$!
{
	archiveVersion = 1;
	classes = {
	};
	objectVersion = 50;
	objects = {

/* Begin PBXBuildFile section */
		191B6471219728CC005E5CE6 /* AppDelegate.swift in Sources */ = {isa = PBXBuildFile; fileRef = 191B6470219728CC005E5CE6 /* AppDelegate.swift */; };
		191B6473219728CC005E5CE6 /* MainViewController.swift in Sources */ = {isa = PBXBuildFile; fileRef = 191B6472219728CC005E5CE6 /* MainViewController.swift */; };
		191B6476219728CC005E5CE6 /* Main.storyboard in Resources */ = {isa = PBXBuildFile; fileRef = 191B6474219728CC005E5CE6 /* Main.storyboard */; };
		191B6478219728CD005E5CE6 /* Assets.xcassets in Resources */ = {isa = PBXBuildFile; fileRef = 191B6477219728CD005E5CE6 /* Assets.xcassets */; };
		191B647B219728CD005E5CE6 /* LaunchScreen.storyboard in Resources */ = {isa = PBXBuildFile; fileRef = 191B6479219728CD005E5CE6 /* LaunchScreen.storyboard */; };
		193005EB21B13EAE003C9DBB /* GoogleService-Info.plist in Resources */ = {isa = PBXBuildFile; fileRef = 193005EA21B13EAE003C9DBB /* GoogleService-Info.plist */; };
		193005ED21B14658003C9DBB /* SettingTableViewController.swift in Sources */ = {isa = PBXBuildFile; fileRef = 193005EC21B14658003C9DBB /* SettingTableViewController.swift */; };
		1930D34F21BFFCD700424FBF /* Start.storyboard in Resources */ = {isa = PBXBuildFile; fileRef = 1930D34E21BFFCD700424FBF /* Start.storyboard */; };
		194BF416219D45B100FA6124 /* SearchResultTableViewController.swift in Sources */ = {isa = PBXBuildFile; fileRef = 194BF415219D45B100FA6124 /* SearchResultTableViewController.swift */; };
		194BF41A219DBF6D00FA6124 /* BookmarkViewController.swift in Sources */ = {isa = PBXBuildFile; fileRef = 194BF419219DBF6D00FA6124 /* BookmarkViewController.swift */; };
		194BF41F219EA54E00FA6124 /* ChangeUniversityViewController.swift in Sources */ = {isa = PBXBuildFile; fileRef = 194BF41E219EA54E00FA6124 /* ChangeUniversityViewController.swift */; };
		194BF421219EA88B00FA6124 /* KeywordSettingViewController.swift in Sources */ = {isa = PBXBuildFile; fileRef = 194BF420219EA88B00FA6124 /* KeywordSettingViewController.swift */; };
		194BF427219EE73200FA6124 /* UIAlertController+.swift in Sources */ = {isa = PBXBuildFile; fileRef = 194BF426219EE73200FA6124 /* UIAlertController+.swift */; };
		194BF459219F072500FA6124 /* Model.xcdatamodeld in Sources */ = {isa = PBXBuildFile; fileRef = 194BF457219F072500FA6124 /* Model.xcdatamodeld */; };
		1959D57321CE13D400F6182F /* MainContainerViewController.swift in Sources */ = {isa = PBXBuildFile; fileRef = 1959D57221CE13D400F6182F /* MainContainerViewController.swift */; };
		1959D57521CE192000F6182F /* MainContentTableViewController.swift in Sources */ = {isa = PBXBuildFile; fileRef = 1959D57421CE192000F6182F /* MainContentTableViewController.swift */; };
		1959D57921CE212000F6182F /* UniversityModel.swift in Sources */ = {isa = PBXBuildFile; fileRef = 1959D57821CE212000F6182F /* UniversityModel.swift */; };
		1959D57B21CE2A5600F6182F /* Dongduk.swift in Sources */ = {isa = PBXBuildFile; fileRef = 1959D57A21CE2A5600F6182F /* Dongduk.swift */; };
		1959D57D21CE2A5D00F6182F /* Mju.swift in Sources */ = {isa = PBXBuildFile; fileRef = 1959D57C21CE2A5D00F6182F /* Mju.swift */; };
		1959D58321CE52E300F6182F /* Setting.storyboard in Resources */ = {isa = PBXBuildFile; fileRef = 1959D58221CE52E300F6182F /* Setting.storyboard */; };
		1976CE2C21CE649B00897E39 /* MainNoticeHeaderView.swift in Sources */ = {isa = PBXBuildFile; fileRef = 1976CE2B21CE649B00897E39 /* MainNoticeHeaderView.swift */; };
		1976CE2E21CE64AA00897E39 /* MainNoticeHeaderView.xib in Resources */ = {isa = PBXBuildFile; fileRef = 1976CE2D21CE64AA00897E39 /* MainNoticeHeaderView.xib */; };
		1976CE3121CE6FD100897E39 /* CoreDataHelper.swift in Sources */ = {isa = PBXBuildFile; fileRef = 1976CE3021CE6FD100897E39 /* CoreDataHelper.swift */; };
		1976CE3521CF61B200897E39 /* PostCell.xib in Resources */ = {isa = PBXBuildFile; fileRef = 1976CE3321CF61B200897E39 /* PostCell.xib */; };
		19A88DC221CBC65400A3F81C /* StartInfo.swift in Sources */ = {isa = PBXBuildFile; fileRef = 19A88DC121CBC65400A3F81C /* StartInfo.swift */; };
		19AF276621983127009488C8 /* Post.swift in Sources */ = {isa = PBXBuildFile; fileRef = 19AF276521983127009488C8 /* Post.swift */; };
		19AF276921983A85009488C8 /* .swiftlint.yml in Resources */ = {isa = PBXBuildFile; fileRef = 19AF276821983A85009488C8 /* .swiftlint.yml */; };
		19C6BBBC2197F8D4002FC39C /* University.swift in Sources */ = {isa = PBXBuildFile; fileRef = 19C6BBBB2197F8D4002FC39C /* University.swift */; };
		19ED806F21CA5FA000BA6529 /* Seoultech.swift in Sources */ = {isa = PBXBuildFile; fileRef = 19ED806E21CA5FA000BA6529 /* Seoultech.swift */; };
		19ED807321CA63C200BA6529 /* StartMainViewController.swift in Sources */ = {isa = PBXBuildFile; fileRef = 19ED807221CA63C200BA6529 /* StartMainViewController.swift */; };
		19ED807521CA63CB00BA6529 /* StartUniversitySelectViewController.swift in Sources */ = {isa = PBXBuildFile; fileRef = 19ED807421CA63CB00BA6529 /* StartUniversitySelectViewController.swift */; };
		19ED807721CA63D700BA6529 /* StartKeywordRegisterViewController.swift in Sources */ = {isa = PBXBuildFile; fileRef = 19ED807621CA63D700BA6529 /* StartKeywordRegisterViewController.swift */; };
		19ED807921CA63DC00BA6529 /* StartFinishViewController.swift in Sources */ = {isa = PBXBuildFile; fileRef = 19ED807821CA63DC00BA6529 /* StartFinishViewController.swift */; };
		19ED807B21CB63E600BA6529 /* StartConfirmButton.swift in Sources */ = {isa = PBXBuildFile; fileRef = 19ED807A21CB63E600BA6529 /* StartConfirmButton.swift */; };
		19ED807D21CB67C400BA6529 /* UIViewController+.swift in Sources */ = {isa = PBXBuildFile; fileRef = 19ED807C21CB67C400BA6529 /* UIViewController+.swift */; };
		19ED807F21CB6A8100BA6529 /* NSObject+.swift in Sources */ = {isa = PBXBuildFile; fileRef = 19ED807E21CB6A8100BA6529 /* NSObject+.swift */; };
		19ED808121CB6E9400BA6529 /* StartBackButton.swift in Sources */ = {isa = PBXBuildFile; fileRef = 19ED808021CB6E9400BA6529 /* StartBackButton.swift */; };
		19ED808321CB72D800BA6529 /* KeywordCell.swift in Sources */ = {isa = PBXBuildFile; fileRef = 19ED808221CB72D800BA6529 /* KeywordCell.swift */; };
		19ED808721CB78B700BA6529 /* StartKeywordHeaderView.xib in Resources */ = {isa = PBXBuildFile; fileRef = 19ED808621CB78B700BA6529 /* StartKeywordHeaderView.xib */; };
		19ED808921CB7C7600BA6529 /* UIView+.swift in Sources */ = {isa = PBXBuildFile; fileRef = 19ED808821CB7C7600BA6529 /* UIView+.swift */; };
		19ED808B21CB7CF400BA6529 /* StartKeywordHeaderView.swift in Sources */ = {isa = PBXBuildFile; fileRef = 19ED808A21CB7CF400BA6529 /* StartKeywordHeaderView.swift */; };
		8992C80A88030DEB544A8F15 /* Pods_UniTice.framework in Frameworks */ = {isa = PBXBuildFile; fileRef = 72581DA59CEA8965CF3C2034 /* Pods_UniTice.framework */; };
/* End PBXBuildFile section */

/* Begin PBXFileReference section */
		191B646D219728CC005E5CE6 /* UniTice.app */ = {isa = PBXFileReference; explicitFileType = wrapper.application; includeInIndex = 0; path = UniTice.app; sourceTree = BUILT_PRODUCTS_DIR; };
		191B6470219728CC005E5CE6 /* AppDelegate.swift */ = {isa = PBXFileReference; lastKnownFileType = sourcecode.swift; path = AppDelegate.swift; sourceTree = "<group>"; };
		191B6472219728CC005E5CE6 /* MainViewController.swift */ = {isa = PBXFileReference; lastKnownFileType = sourcecode.swift; path = MainViewController.swift; sourceTree = "<group>"; };
		191B6475219728CC005E5CE6 /* Base */ = {isa = PBXFileReference; lastKnownFileType = file.storyboard; name = Base; path = Base.lproj/Main.storyboard; sourceTree = "<group>"; };
		191B6477219728CD005E5CE6 /* Assets.xcassets */ = {isa = PBXFileReference; lastKnownFileType = folder.assetcatalog; path = Assets.xcassets; sourceTree = "<group>"; };
		191B647A219728CD005E5CE6 /* Base */ = {isa = PBXFileReference; lastKnownFileType = file.storyboard; name = Base; path = Base.lproj/LaunchScreen.storyboard; sourceTree = "<group>"; };
		191B647C219728CD005E5CE6 /* Info.plist */ = {isa = PBXFileReference; lastKnownFileType = text.plist.xml; path = Info.plist; sourceTree = "<group>"; };
		193005E821B13ABC003C9DBB /* ko */ = {isa = PBXFileReference; lastKnownFileType = text.plist.strings; name = ko; path = ko.lproj/Main.strings; sourceTree = "<group>"; };
		193005E921B13ABC003C9DBB /* ko */ = {isa = PBXFileReference; lastKnownFileType = text.plist.strings; name = ko; path = ko.lproj/LaunchScreen.strings; sourceTree = "<group>"; };
		193005EA21B13EAE003C9DBB /* GoogleService-Info.plist */ = {isa = PBXFileReference; fileEncoding = 4; lastKnownFileType = text.plist.xml; path = "GoogleService-Info.plist"; sourceTree = "<group>"; };
		193005EC21B14658003C9DBB /* SettingTableViewController.swift */ = {isa = PBXFileReference; lastKnownFileType = sourcecode.swift; path = SettingTableViewController.swift; sourceTree = "<group>"; };
		1930D34B21BFFB9C00424FBF /* UniTice.entitlements */ = {isa = PBXFileReference; lastKnownFileType = text.plist.entitlements; path = UniTice.entitlements; sourceTree = "<group>"; };
		1930D34E21BFFCD700424FBF /* Start.storyboard */ = {isa = PBXFileReference; lastKnownFileType = file.storyboard; path = Start.storyboard; sourceTree = "<group>"; };
		194BF415219D45B100FA6124 /* SearchResultTableViewController.swift */ = {isa = PBXFileReference; lastKnownFileType = sourcecode.swift; path = SearchResultTableViewController.swift; sourceTree = "<group>"; };
		194BF419219DBF6D00FA6124 /* BookmarkViewController.swift */ = {isa = PBXFileReference; lastKnownFileType = sourcecode.swift; path = BookmarkViewController.swift; sourceTree = "<group>"; };
		194BF41E219EA54E00FA6124 /* ChangeUniversityViewController.swift */ = {isa = PBXFileReference; lastKnownFileType = sourcecode.swift; name = ChangeUniversityViewController.swift; path = Setting/ChangeUniversityViewController.swift; sourceTree = "<group>"; };
		194BF420219EA88B00FA6124 /* KeywordSettingViewController.swift */ = {isa = PBXFileReference; lastKnownFileType = sourcecode.swift; name = KeywordSettingViewController.swift; path = Setting/KeywordSettingViewController.swift; sourceTree = "<group>"; };
		194BF426219EE73200FA6124 /* UIAlertController+.swift */ = {isa = PBXFileReference; lastKnownFileType = sourcecode.swift; path = "UIAlertController+.swift"; sourceTree = "<group>"; };
		194BF458219F072500FA6124 /* Model.xcdatamodel */ = {isa = PBXFileReference; lastKnownFileType = wrapper.xcdatamodel; path = Model.xcdatamodel; sourceTree = "<group>"; };
		1959D57221CE13D400F6182F /* MainContainerViewController.swift */ = {isa = PBXFileReference; lastKnownFileType = sourcecode.swift; path = MainContainerViewController.swift; sourceTree = "<group>"; };
		1959D57421CE192000F6182F /* MainContentTableViewController.swift */ = {isa = PBXFileReference; lastKnownFileType = sourcecode.swift; path = MainContentTableViewController.swift; sourceTree = "<group>"; };
		1959D57821CE212000F6182F /* UniversityModel.swift */ = {isa = PBXFileReference; lastKnownFileType = sourcecode.swift; path = UniversityModel.swift; sourceTree = "<group>"; };
		1959D57A21CE2A5600F6182F /* Dongduk.swift */ = {isa = PBXFileReference; lastKnownFileType = sourcecode.swift; path = Dongduk.swift; sourceTree = "<group>"; };
		1959D57C21CE2A5D00F6182F /* Mju.swift */ = {isa = PBXFileReference; lastKnownFileType = sourcecode.swift; path = Mju.swift; sourceTree = "<group>"; };
		1959D58221CE52E300F6182F /* Setting.storyboard */ = {isa = PBXFileReference; lastKnownFileType = file.storyboard; path = Setting.storyboard; sourceTree = "<group>"; };
		1976CE2B21CE649B00897E39 /* MainNoticeHeaderView.swift */ = {isa = PBXFileReference; lastKnownFileType = sourcecode.swift; path = MainNoticeHeaderView.swift; sourceTree = "<group>"; };
		1976CE2D21CE64AA00897E39 /* MainNoticeHeaderView.xib */ = {isa = PBXFileReference; lastKnownFileType = file.xib; path = MainNoticeHeaderView.xib; sourceTree = "<group>"; };
		1976CE3021CE6FD100897E39 /* CoreDataHelper.swift */ = {isa = PBXFileReference; lastKnownFileType = sourcecode.swift; path = CoreDataHelper.swift; sourceTree = "<group>"; };
		1976CE3321CF61B200897E39 /* PostCell.xib */ = {isa = PBXFileReference; lastKnownFileType = file.xib; path = PostCell.xib; sourceTree = "<group>"; };
		19A88DC121CBC65400A3F81C /* StartInfo.swift */ = {isa = PBXFileReference; lastKnownFileType = sourcecode.swift; path = StartInfo.swift; sourceTree = "<group>"; };
		19AF276521983127009488C8 /* Post.swift */ = {isa = PBXFileReference; lastKnownFileType = sourcecode.swift; path = Post.swift; sourceTree = "<group>"; };
		19AF276821983A85009488C8 /* .swiftlint.yml */ = {isa = PBXFileReference; lastKnownFileType = text; path = .swiftlint.yml; sourceTree = "<group>"; };
		19C6BBBB2197F8D4002FC39C /* University.swift */ = {isa = PBXFileReference; lastKnownFileType = sourcecode.swift; path = University.swift; sourceTree = "<group>"; };
		19ED806E21CA5FA000BA6529 /* Seoultech.swift */ = {isa = PBXFileReference; lastKnownFileType = sourcecode.swift; path = Seoultech.swift; sourceTree = "<group>"; };
		19ED807221CA63C200BA6529 /* StartMainViewController.swift */ = {isa = PBXFileReference; lastKnownFileType = sourcecode.swift; path = StartMainViewController.swift; sourceTree = "<group>"; };
		19ED807421CA63CB00BA6529 /* StartUniversitySelectViewController.swift */ = {isa = PBXFileReference; lastKnownFileType = sourcecode.swift; path = StartUniversitySelectViewController.swift; sourceTree = "<group>"; };
		19ED807621CA63D700BA6529 /* StartKeywordRegisterViewController.swift */ = {isa = PBXFileReference; lastKnownFileType = sourcecode.swift; path = StartKeywordRegisterViewController.swift; sourceTree = "<group>"; };
		19ED807821CA63DC00BA6529 /* StartFinishViewController.swift */ = {isa = PBXFileReference; lastKnownFileType = sourcecode.swift; path = StartFinishViewController.swift; sourceTree = "<group>"; };
		19ED807A21CB63E600BA6529 /* StartConfirmButton.swift */ = {isa = PBXFileReference; lastKnownFileType = sourcecode.swift; path = StartConfirmButton.swift; sourceTree = "<group>"; };
		19ED807C21CB67C400BA6529 /* UIViewController+.swift */ = {isa = PBXFileReference; lastKnownFileType = sourcecode.swift; path = "UIViewController+.swift"; sourceTree = "<group>"; };
		19ED807E21CB6A8100BA6529 /* NSObject+.swift */ = {isa = PBXFileReference; lastKnownFileType = sourcecode.swift; path = "NSObject+.swift"; sourceTree = "<group>"; };
		19ED808021CB6E9400BA6529 /* StartBackButton.swift */ = {isa = PBXFileReference; lastKnownFileType = sourcecode.swift; path = StartBackButton.swift; sourceTree = "<group>"; };
		19ED808221CB72D800BA6529 /* KeywordCell.swift */ = {isa = PBXFileReference; lastKnownFileType = sourcecode.swift; path = KeywordCell.swift; sourceTree = "<group>"; };
		19ED808621CB78B700BA6529 /* StartKeywordHeaderView.xib */ = {isa = PBXFileReference; lastKnownFileType = file.xib; path = StartKeywordHeaderView.xib; sourceTree = "<group>"; };
		19ED808821CB7C7600BA6529 /* UIView+.swift */ = {isa = PBXFileReference; lastKnownFileType = sourcecode.swift; path = "UIView+.swift"; sourceTree = "<group>"; };
		19ED808A21CB7CF400BA6529 /* StartKeywordHeaderView.swift */ = {isa = PBXFileReference; lastKnownFileType = sourcecode.swift; path = StartKeywordHeaderView.swift; sourceTree = "<group>"; };
		44803E144585D9995DBF0F72 /* Pods-UniTice.release.xcconfig */ = {isa = PBXFileReference; includeInIndex = 1; lastKnownFileType = text.xcconfig; name = "Pods-UniTice.release.xcconfig"; path = "Target Support Files/Pods-UniTice/Pods-UniTice.release.xcconfig"; sourceTree = "<group>"; };
		55B681C006DAD892F87CBBFF /* Pods-UniTice.debug.xcconfig */ = {isa = PBXFileReference; includeInIndex = 1; lastKnownFileType = text.xcconfig; name = "Pods-UniTice.debug.xcconfig"; path = "Target Support Files/Pods-UniTice/Pods-UniTice.debug.xcconfig"; sourceTree = "<group>"; };
		72581DA59CEA8965CF3C2034 /* Pods_UniTice.framework */ = {isa = PBXFileReference; explicitFileType = wrapper.framework; includeInIndex = 0; path = Pods_UniTice.framework; sourceTree = BUILT_PRODUCTS_DIR; };
/* End PBXFileReference section */

/* Begin PBXFrameworksBuildPhase section */
		191B646A219728CC005E5CE6 /* Frameworks */ = {
			isa = PBXFrameworksBuildPhase;
			buildActionMask = 2147483647;
			files = (
				8992C80A88030DEB544A8F15 /* Pods_UniTice.framework in Frameworks */,
			);
			runOnlyForDeploymentPostprocessing = 0;
		};
/* End PBXFrameworksBuildPhase section */

/* Begin PBXGroup section */
		191B6464219728CC005E5CE6 = {
			isa = PBXGroup;
			children = (
				19AF276821983A85009488C8 /* .swiftlint.yml */,
				191B646F219728CC005E5CE6 /* UniTice */,
				191B646E219728CC005E5CE6 /* Products */,
				CCA741B89CEFB0D6DF343890 /* Pods */,
				F79BC641885A2F8B0CFAC71A /* Frameworks */,
			);
			sourceTree = "<group>";
		};
		191B646E219728CC005E5CE6 /* Products */ = {
			isa = PBXGroup;
			children = (
				191B646D219728CC005E5CE6 /* UniTice.app */,
			);
			name = Products;
			sourceTree = "<group>";
		};
		191B646F219728CC005E5CE6 /* UniTice */ = {
			isa = PBXGroup;
			children = (
				191B647C219728CD005E5CE6 /* Info.plist */,
				193005EA21B13EAE003C9DBB /* GoogleService-Info.plist */,
				1930D34B21BFFB9C00424FBF /* UniTice.entitlements */,
				1976CE2F21CE6FC400897E39 /* Core Data */,
				19C6BBBA2197F8C6002FC39C /* Model */,
				1930D34C21BFFC9000424FBF /* Start */,
				1930D34D21BFFC9900424FBF /* Main */,
				194BF41D219EA53900FA6124 /* Setting */,
				194BF425219EE72400FA6124 /* Extension */,
				196499A32197F1F500BEE6C1 /* Supporting Files */,
			);
			path = UniTice;
			sourceTree = "<group>";
		};
		1930D34C21BFFC9000424FBF /* Start */ = {
			isa = PBXGroup;
			children = (
				191B6479219728CD005E5CE6 /* LaunchScreen.storyboard */,
				1930D34E21BFFCD700424FBF /* Start.storyboard */,
				19ED808521CB786700BA6529 /* View */,
				19ED808421CB786100BA6529 /* Controller */,
			);
			path = Start;
			sourceTree = "<group>";
		};
		1930D34D21BFFC9900424FBF /* Main */ = {
			isa = PBXGroup;
			children = (
				191B6474219728CC005E5CE6 /* Main.storyboard */,
				1959D57021CE12B800F6182F /* View */,
				1959D57121CE12C600F6182F /* Controller */,
			);
			path = Main;
			sourceTree = "<group>";
		};
		194BF41D219EA53900FA6124 /* Setting */ = {
			isa = PBXGroup;
			children = (
				1959D58221CE52E300F6182F /* Setting.storyboard */,
				1959D58121CE52CA00F6182F /* View */,
				1959D58021CE52C400F6182F /* Controller */,
			);
			name = Setting;
			sourceTree = "<group>";
		};
		194BF425219EE72400FA6124 /* Extension */ = {
			isa = PBXGroup;
			children = (
				194BF426219EE73200FA6124 /* UIAlertController+.swift */,
				19ED807C21CB67C400BA6529 /* UIViewController+.swift */,
				19ED807E21CB6A8100BA6529 /* NSObject+.swift */,
				19ED808821CB7C7600BA6529 /* UIView+.swift */,
			);
			path = Extension;
			sourceTree = "<group>";
		};
		1959D57021CE12B800F6182F /* View */ = {
			isa = PBXGroup;
			children = (
				1976CE2D21CE64AA00897E39 /* MainNoticeHeaderView.xib */,
				1976CE2B21CE649B00897E39 /* MainNoticeHeaderView.swift */,
				1976CE3321CF61B200897E39 /* PostCell.xib */,
			);
			path = View;
			sourceTree = "<group>";
		};
		1959D57121CE12C600F6182F /* Controller */ = {
			isa = PBXGroup;
			children = (
				191B6472219728CC005E5CE6 /* MainViewController.swift */,
				1959D57221CE13D400F6182F /* MainContainerViewController.swift */,
				1959D57421CE192000F6182F /* MainContentTableViewController.swift */,
				194BF415219D45B100FA6124 /* SearchResultTableViewController.swift */,
				194BF419219DBF6D00FA6124 /* BookmarkViewController.swift */,
				193005EC21B14658003C9DBB /* SettingTableViewController.swift */,
			);
			path = Controller;
			sourceTree = "<group>";
		};
		1959D58021CE52C400F6182F /* Controller */ = {
			isa = PBXGroup;
			children = (
				194BF41E219EA54E00FA6124 /* ChangeUniversityViewController.swift */,
				194BF420219EA88B00FA6124 /* KeywordSettingViewController.swift */,
			);
			name = Controller;
			sourceTree = "<group>";
		};
		1959D58121CE52CA00F6182F /* View */ = {
			isa = PBXGroup;
			children = (
			);
			name = View;
			sourceTree = "<group>";
		};
		196499A32197F1F500BEE6C1 /* Supporting Files */ = {
			isa = PBXGroup;
			children = (
				191B6470219728CC005E5CE6 /* AppDelegate.swift */,
				191B6477219728CD005E5CE6 /* Assets.xcassets */,
			);
			path = "Supporting Files";
			sourceTree = "<group>";
		};
		1976CE2F21CE6FC400897E39 /* Core Data */ = {
			isa = PBXGroup;
			children = (
				1976CE3021CE6FD100897E39 /* CoreDataHelper.swift */,
			);
			path = "Core Data";
			sourceTree = "<group>";
		};
		19C6BBBA2197F8C6002FC39C /* Model */ = {
			isa = PBXGroup;
			children = (
				194BF457219F072500FA6124 /* Model.xcdatamodeld */,
				19ED806D21CA5F8E00BA6529 /* UniversityModel */,
				19C6BBBB2197F8D4002FC39C /* University.swift */,
				19AF276521983127009488C8 /* Post.swift */,
				19A88DC121CBC65400A3F81C /* StartInfo.swift */,
			);
			path = Model;
			sourceTree = "<group>";
		};
		19ED806D21CA5F8E00BA6529 /* UniversityModel */ = {
			isa = PBXGroup;
			children = (
				1959D57821CE212000F6182F /* UniversityModel.swift */,
				1959D57A21CE2A5600F6182F /* Dongduk.swift */,
				1959D57C21CE2A5D00F6182F /* Mju.swift */,
				19ED806E21CA5FA000BA6529 /* Seoultech.swift */,
			);
			path = UniversityModel;
			sourceTree = "<group>";
		};
		19ED808421CB786100BA6529 /* Controller */ = {
			isa = PBXGroup;
			children = (
				19ED807221CA63C200BA6529 /* StartMainViewController.swift */,
				19ED807421CA63CB00BA6529 /* StartUniversitySelectViewController.swift */,
				19ED807621CA63D700BA6529 /* StartKeywordRegisterViewController.swift */,
				19ED807821CA63DC00BA6529 /* StartFinishViewController.swift */,
			);
			path = Controller;
			sourceTree = "<group>";
		};
		19ED808521CB786700BA6529 /* View */ = {
			isa = PBXGroup;
			children = (
				19ED807A21CB63E600BA6529 /* StartConfirmButton.swift */,
				19ED808021CB6E9400BA6529 /* StartBackButton.swift */,
				19ED808221CB72D800BA6529 /* KeywordCell.swift */,
				19ED808621CB78B700BA6529 /* StartKeywordHeaderView.xib */,
				19ED808A21CB7CF400BA6529 /* StartKeywordHeaderView.swift */,
			);
			path = View;
			sourceTree = "<group>";
		};
		CCA741B89CEFB0D6DF343890 /* Pods */ = {
			isa = PBXGroup;
			children = (
				55B681C006DAD892F87CBBFF /* Pods-UniTice.debug.xcconfig */,
				44803E144585D9995DBF0F72 /* Pods-UniTice.release.xcconfig */,
			);
			path = Pods;
			sourceTree = "<group>";
		};
		F79BC641885A2F8B0CFAC71A /* Frameworks */ = {
			isa = PBXGroup;
			children = (
				72581DA59CEA8965CF3C2034 /* Pods_UniTice.framework */,
			);
			name = Frameworks;
			sourceTree = "<group>";
		};
/* End PBXGroup section */

/* Begin PBXNativeTarget section */
		191B646C219728CC005E5CE6 /* UniTice */ = {
			isa = PBXNativeTarget;
			buildConfigurationList = 191B647F219728CD005E5CE6 /* Build configuration list for PBXNativeTarget "UniTice" */;
			buildPhases = (
				3DBE910BDC8A7986B6970296 /* [CP] Check Pods Manifest.lock */,
				191B6469219728CC005E5CE6 /* Sources */,
				191B646A219728CC005E5CE6 /* Frameworks */,
				191B646B219728CC005E5CE6 /* Resources */,
				19AF276721983822009488C8 /* ShellScript */,
				220C9224912B9175145F7CE4 /* [CP] Embed Pods Frameworks */,
			);
			buildRules = (
			);
			dependencies = (
			);
			name = UniTice;
			productName = SchoolNoticeNotifier;
			productReference = 191B646D219728CC005E5CE6 /* UniTice.app */;
			productType = "com.apple.product-type.application";
		};
/* End PBXNativeTarget section */

/* Begin PBXProject section */
		191B6465219728CC005E5CE6 /* Project object */ = {
			isa = PBXProject;
			attributes = {
				LastSwiftUpdateCheck = 1010;
				LastUpgradeCheck = 1010;
				ORGANIZATIONNAME = presto;
				TargetAttributes = {
					191B646C219728CC005E5CE6 = {
						CreatedOnToolsVersion = 10.1;
						SystemCapabilities = {
							com.apple.BackgroundModes = {
								enabled = 1;
							};
							com.apple.Push = {
								enabled = 1;
							};
						};
					};
				};
			};
			buildConfigurationList = 191B6468219728CC005E5CE6 /* Build configuration list for PBXProject "UniTice" */;
			compatibilityVersion = "Xcode 9.3";
			developmentRegion = en;
			hasScannedForEncodings = 0;
			knownRegions = (
				Base,
			);
			mainGroup = 191B6464219728CC005E5CE6;
			productRefGroup = 191B646E219728CC005E5CE6 /* Products */;
			projectDirPath = "";
			projectRoot = "";
			targets = (
				191B646C219728CC005E5CE6 /* UniTice */,
			);
		};
/* End PBXProject section */

/* Begin PBXResourcesBuildPhase section */
		191B646B219728CC005E5CE6 /* Resources */ = {
			isa = PBXResourcesBuildPhase;
			buildActionMask = 2147483647;
			files = (
				193005EB21B13EAE003C9DBB /* GoogleService-Info.plist in Resources */,
				19AF276921983A85009488C8 /* .swiftlint.yml in Resources */,
				191B647B219728CD005E5CE6 /* LaunchScreen.storyboard in Resources */,
				191B6478219728CD005E5CE6 /* Assets.xcassets in Resources */,
				191B6476219728CC005E5CE6 /* Main.storyboard in Resources */,
				1930D34F21BFFCD700424FBF /* Start.storyboard in Resources */,
				19ED808721CB78B700BA6529 /* StartKeywordHeaderView.xib in Resources */,
				1976CE3521CF61B200897E39 /* PostCell.xib in Resources */,
				1976CE2E21CE64AA00897E39 /* MainNoticeHeaderView.xib in Resources */,
				1959D58321CE52E300F6182F /* Setting.storyboard in Resources */,
			);
			runOnlyForDeploymentPostprocessing = 0;
		};
/* End PBXResourcesBuildPhase section */

/* Begin PBXShellScriptBuildPhase section */
		19AF276721983822009488C8 /* ShellScript */ = {
			isa = PBXShellScriptBuildPhase;
			buildActionMask = 2147483647;
			files = (
			);
			inputFileListPaths = (
			);
			inputPaths = (
			);
			outputFileListPaths = (
			);
			outputPaths = (
			);
			runOnlyForDeploymentPostprocessing = 0;
			shellPath = /bin/sh;
			shellScript = "if which swiftlint >/dev/null; then\nswiftlint\nelse\necho \"warning: SwiftLint not installed, download from https://github.com/realm/SwiftLint\"\nfi\n";
		};
		220C9224912B9175145F7CE4 /* [CP] Embed Pods Frameworks */ = {
			isa = PBXShellScriptBuildPhase;
			buildActionMask = 2147483647;
			files = (
			);
			inputFileListPaths = (
			);
			inputPaths = (
				"${PODS_ROOT}/Target Support Files/Pods-UniTice/Pods-UniTice-frameworks.sh",
				"${BUILT_PRODUCTS_DIR}/Alamofire/Alamofire.framework",
				"${BUILT_PRODUCTS_DIR}/Carte/Carte.framework",
				"${BUILT_PRODUCTS_DIR}/DZNEmptyDataSet/DZNEmptyDataSet.framework",
				"${BUILT_PRODUCTS_DIR}/GoogleUtilities/GoogleUtilities.framework",
				"${BUILT_PRODUCTS_DIR}/Kanna/Kanna.framework",
				"${BUILT_PRODUCTS_DIR}/KeychainAccess/KeychainAccess.framework",
				"${BUILT_PRODUCTS_DIR}/MarqueeLabel/MarqueeLabel.framework",
				"${BUILT_PRODUCTS_DIR}/Protobuf/Protobuf.framework",
				"${BUILT_PRODUCTS_DIR}/Realm/Realm.framework",
				"${BUILT_PRODUCTS_DIR}/RealmSwift/RealmSwift.framework",
				"${BUILT_PRODUCTS_DIR}/SkeletonView/SkeletonView.framework",
				"${BUILT_PRODUCTS_DIR}/SnapKit/SnapKit.framework",
				"${BUILT_PRODUCTS_DIR}/XLPagerTabStrip/XLPagerTabStrip.framework",
				"${BUILT_PRODUCTS_DIR}/nanopb/nanopb.framework",
			);
			name = "[CP] Embed Pods Frameworks";
			outputFileListPaths = (
			);
			outputPaths = (
				"${TARGET_BUILD_DIR}/${FRAMEWORKS_FOLDER_PATH}/Alamofire.framework",
				"${TARGET_BUILD_DIR}/${FRAMEWORKS_FOLDER_PATH}/Carte.framework",
				"${TARGET_BUILD_DIR}/${FRAMEWORKS_FOLDER_PATH}/DZNEmptyDataSet.framework",
				"${TARGET_BUILD_DIR}/${FRAMEWORKS_FOLDER_PATH}/GoogleUtilities.framework",
				"${TARGET_BUILD_DIR}/${FRAMEWORKS_FOLDER_PATH}/Kanna.framework",
				"${TARGET_BUILD_DIR}/${FRAMEWORKS_FOLDER_PATH}/KeychainAccess.framework",
				"${TARGET_BUILD_DIR}/${FRAMEWORKS_FOLDER_PATH}/MarqueeLabel.framework",
				"${TARGET_BUILD_DIR}/${FRAMEWORKS_FOLDER_PATH}/Protobuf.framework",
				"${TARGET_BUILD_DIR}/${FRAMEWORKS_FOLDER_PATH}/Realm.framework",
				"${TARGET_BUILD_DIR}/${FRAMEWORKS_FOLDER_PATH}/RealmSwift.framework",
				"${TARGET_BUILD_DIR}/${FRAMEWORKS_FOLDER_PATH}/SkeletonView.framework",
				"${TARGET_BUILD_DIR}/${FRAMEWORKS_FOLDER_PATH}/SnapKit.framework",
				"${TARGET_BUILD_DIR}/${FRAMEWORKS_FOLDER_PATH}/XLPagerTabStrip.framework",
				"${TARGET_BUILD_DIR}/${FRAMEWORKS_FOLDER_PATH}/nanopb.framework",
			);
			runOnlyForDeploymentPostprocessing = 0;
			shellPath = /bin/sh;
			shellScript = "\"${PODS_ROOT}/Target Support Files/Pods-UniTice/Pods-UniTice-frameworks.sh\"\n";
			showEnvVarsInLog = 0;
		};
		3DBE910BDC8A7986B6970296 /* [CP] Check Pods Manifest.lock */ = {
			isa = PBXShellScriptBuildPhase;
			buildActionMask = 2147483647;
			files = (
			);
			inputFileListPaths = (
			);
			inputPaths = (
				"${PODS_PODFILE_DIR_PATH}/Podfile.lock",
				"${PODS_ROOT}/Manifest.lock",
			);
			name = "[CP] Check Pods Manifest.lock";
			outputFileListPaths = (
			);
			outputPaths = (
				"$(DERIVED_FILE_DIR)/Pods-UniTice-checkManifestLockResult.txt",
			);
			runOnlyForDeploymentPostprocessing = 0;
			shellPath = /bin/sh;
			shellScript = "diff \"${PODS_PODFILE_DIR_PATH}/Podfile.lock\" \"${PODS_ROOT}/Manifest.lock\" > /dev/null\nif [ $? != 0 ] ; then\n    # print error to STDERR\n    echo \"error: The sandbox is not in sync with the Podfile.lock. Run 'pod install' or update your CocoaPods installation.\" >&2\n    exit 1\nfi\n# This output is used by Xcode 'outputs' to avoid re-running this script phase.\necho \"SUCCESS\" > \"${SCRIPT_OUTPUT_FILE_0}\"\n";
			showEnvVarsInLog = 0;
		};
/* End PBXShellScriptBuildPhase section */

/* Begin PBXSourcesBuildPhase section */
		191B6469219728CC005E5CE6 /* Sources */ = {
			isa = PBXSourcesBuildPhase;
			buildActionMask = 2147483647;
			files = (
				193005ED21B14658003C9DBB /* SettingTableViewController.swift in Sources */,
				19ED807321CA63C200BA6529 /* StartMainViewController.swift in Sources */,
				194BF41F219EA54E00FA6124 /* ChangeUniversityViewController.swift in Sources */,
				191B6473219728CC005E5CE6 /* MainViewController.swift in Sources */,
				1959D57D21CE2A5D00F6182F /* Mju.swift in Sources */,
				19C6BBBC2197F8D4002FC39C /* University.swift in Sources */,
				191B6471219728CC005E5CE6 /* AppDelegate.swift in Sources */,
				19ED808121CB6E9400BA6529 /* StartBackButton.swift in Sources */,
				194BF427219EE73200FA6124 /* UIAlertController+.swift in Sources */,
				19ED808921CB7C7600BA6529 /* UIView+.swift in Sources */,
				19ED806F21CA5FA000BA6529 /* Seoultech.swift in Sources */,
				19AF276621983127009488C8 /* Post.swift in Sources */,
				19ED807921CA63DC00BA6529 /* StartFinishViewController.swift in Sources */,
				19A88DC221CBC65400A3F81C /* StartInfo.swift in Sources */,
				19ED807721CA63D700BA6529 /* StartKeywordRegisterViewController.swift in Sources */,
				19ED807B21CB63E600BA6529 /* StartConfirmButton.swift in Sources */,
				194BF41A219DBF6D00FA6124 /* BookmarkViewController.swift in Sources */,
				1959D57921CE212000F6182F /* UniversityModel.swift in Sources */,
				1976CE3121CE6FD100897E39 /* CoreDataHelper.swift in Sources */,
				19ED808321CB72D800BA6529 /* KeywordCell.swift in Sources */,
				194BF421219EA88B00FA6124 /* KeywordSettingViewController.swift in Sources */,
				1976CE2C21CE649B00897E39 /* MainNoticeHeaderView.swift in Sources */,
				19ED807521CA63CB00BA6529 /* StartUniversitySelectViewController.swift in Sources */,
				194BF459219F072500FA6124 /* Model.xcdatamodeld in Sources */,
				1959D57521CE192000F6182F /* MainContentTableViewController.swift in Sources */,
				19ED807F21CB6A8100BA6529 /* NSObject+.swift in Sources */,
				1959D57321CE13D400F6182F /* MainContainerViewController.swift in Sources */,
				1959D57B21CE2A5600F6182F /* Dongduk.swift in Sources */,
				19ED807D21CB67C400BA6529 /* UIViewController+.swift in Sources */,
				19ED808B21CB7CF400BA6529 /* StartKeywordHeaderView.swift in Sources */,
				194BF416219D45B100FA6124 /* SearchResultTableViewController.swift in Sources */,
			);
			runOnlyForDeploymentPostprocessing = 0;
		};
/* End PBXSourcesBuildPhase section */

/* Begin PBXVariantGroup section */
		191B6474219728CC005E5CE6 /* Main.storyboard */ = {
			isa = PBXVariantGroup;
			children = (
				191B6475219728CC005E5CE6 /* Base */,
				193005E821B13ABC003C9DBB /* ko */,
			);
			name = Main.storyboard;
			sourceTree = "<group>";
		};
		191B6479219728CD005E5CE6 /* LaunchScreen.storyboard */ = {
			isa = PBXVariantGroup;
			children = (
				191B647A219728CD005E5CE6 /* Base */,
				193005E921B13ABC003C9DBB /* ko */,
			);
			name = LaunchScreen.storyboard;
			sourceTree = "<group>";
		};
/* End PBXVariantGroup section */

/* Begin XCBuildConfiguration section */
		191B647D219728CD005E5CE6 /* Debug */ = {
			isa = XCBuildConfiguration;
			buildSettings = {
				ALWAYS_SEARCH_USER_PATHS = NO;
				CLANG_ANALYZER_NONNULL = YES;
				CLANG_ANALYZER_NUMBER_OBJECT_CONVERSION = YES_AGGRESSIVE;
				CLANG_CXX_LANGUAGE_STANDARD = "gnu++14";
				CLANG_CXX_LIBRARY = "libc++";
				CLANG_ENABLE_MODULES = YES;
				CLANG_ENABLE_OBJC_ARC = YES;
				CLANG_ENABLE_OBJC_WEAK = YES;
				CLANG_WARN_BLOCK_CAPTURE_AUTORELEASING = YES;
				CLANG_WARN_BOOL_CONVERSION = YES;
				CLANG_WARN_COMMA = YES;
				CLANG_WARN_CONSTANT_CONVERSION = YES;
				CLANG_WARN_DEPRECATED_OBJC_IMPLEMENTATIONS = YES;
				CLANG_WARN_DIRECT_OBJC_ISA_USAGE = YES_ERROR;
				CLANG_WARN_DOCUMENTATION_COMMENTS = YES;
				CLANG_WARN_EMPTY_BODY = YES;
				CLANG_WARN_ENUM_CONVERSION = YES;
				CLANG_WARN_INFINITE_RECURSION = YES;
				CLANG_WARN_INT_CONVERSION = YES;
				CLANG_WARN_NON_LITERAL_NULL_CONVERSION = YES;
				CLANG_WARN_OBJC_IMPLICIT_RETAIN_SELF = YES;
				CLANG_WARN_OBJC_LITERAL_CONVERSION = YES;
				CLANG_WARN_OBJC_ROOT_CLASS = YES_ERROR;
				CLANG_WARN_RANGE_LOOP_ANALYSIS = YES;
				CLANG_WARN_STRICT_PROTOTYPES = YES;
				CLANG_WARN_SUSPICIOUS_MOVE = YES;
				CLANG_WARN_UNGUARDED_AVAILABILITY = YES_AGGRESSIVE;
				CLANG_WARN_UNREACHABLE_CODE = YES;
				CLANG_WARN__DUPLICATE_METHOD_MATCH = YES;
				CODE_SIGN_IDENTITY = "iPhone Developer";
				COPY_PHASE_STRIP = NO;
				DEBUG_INFORMATION_FORMAT = dwarf;
				ENABLE_STRICT_OBJC_MSGSEND = YES;
				ENABLE_TESTABILITY = YES;
				GCC_C_LANGUAGE_STANDARD = gnu11;
				GCC_DYNAMIC_NO_PIC = NO;
				GCC_NO_COMMON_BLOCKS = YES;
				GCC_OPTIMIZATION_LEVEL = 0;
				GCC_PREPROCESSOR_DEFINITIONS = (
					"DEBUG=1",
					"$(inherited)",
				);
				GCC_WARN_64_TO_32_BIT_CONVERSION = YES;
				GCC_WARN_ABOUT_RETURN_TYPE = YES_ERROR;
				GCC_WARN_UNDECLARED_SELECTOR = YES;
				GCC_WARN_UNINITIALIZED_AUTOS = YES_AGGRESSIVE;
				GCC_WARN_UNUSED_FUNCTION = YES;
				GCC_WARN_UNUSED_VARIABLE = YES;
				IPHONEOS_DEPLOYMENT_TARGET = 11.0;
				MTL_ENABLE_DEBUG_INFO = INCLUDE_SOURCE;
				MTL_FAST_MATH = YES;
				ONLY_ACTIVE_ARCH = YES;
				SDKROOT = iphoneos;
				SWIFT_ACTIVE_COMPILATION_CONDITIONS = DEBUG;
				SWIFT_OPTIMIZATION_LEVEL = "-Onone";
			};
			name = Debug;
		};
		191B647E219728CD005E5CE6 /* Release */ = {
			isa = XCBuildConfiguration;
			buildSettings = {
				ALWAYS_SEARCH_USER_PATHS = NO;
				CLANG_ANALYZER_NONNULL = YES;
				CLANG_ANALYZER_NUMBER_OBJECT_CONVERSION = YES_AGGRESSIVE;
				CLANG_CXX_LANGUAGE_STANDARD = "gnu++14";
				CLANG_CXX_LIBRARY = "libc++";
				CLANG_ENABLE_MODULES = YES;
				CLANG_ENABLE_OBJC_ARC = YES;
				CLANG_ENABLE_OBJC_WEAK = YES;
				CLANG_WARN_BLOCK_CAPTURE_AUTORELEASING = YES;
				CLANG_WARN_BOOL_CONVERSION = YES;
				CLANG_WARN_COMMA = YES;
				CLANG_WARN_CONSTANT_CONVERSION = YES;
				CLANG_WARN_DEPRECATED_OBJC_IMPLEMENTATIONS = YES;
				CLANG_WARN_DIRECT_OBJC_ISA_USAGE = YES_ERROR;
				CLANG_WARN_DOCUMENTATION_COMMENTS = YES;
				CLANG_WARN_EMPTY_BODY = YES;
				CLANG_WARN_ENUM_CONVERSION = YES;
				CLANG_WARN_INFINITE_RECURSION = YES;
				CLANG_WARN_INT_CONVERSION = YES;
				CLANG_WARN_NON_LITERAL_NULL_CONVERSION = YES;
				CLANG_WARN_OBJC_IMPLICIT_RETAIN_SELF = YES;
				CLANG_WARN_OBJC_LITERAL_CONVERSION = YES;
				CLANG_WARN_OBJC_ROOT_CLASS = YES_ERROR;
				CLANG_WARN_RANGE_LOOP_ANALYSIS = YES;
				CLANG_WARN_STRICT_PROTOTYPES = YES;
				CLANG_WARN_SUSPICIOUS_MOVE = YES;
				CLANG_WARN_UNGUARDED_AVAILABILITY = YES_AGGRESSIVE;
				CLANG_WARN_UNREACHABLE_CODE = YES;
				CLANG_WARN__DUPLICATE_METHOD_MATCH = YES;
				CODE_SIGN_IDENTITY = "iPhone Developer";
				COPY_PHASE_STRIP = NO;
				DEBUG_INFORMATION_FORMAT = "dwarf-with-dsym";
				ENABLE_NS_ASSERTIONS = NO;
				ENABLE_STRICT_OBJC_MSGSEND = YES;
				GCC_C_LANGUAGE_STANDARD = gnu11;
				GCC_NO_COMMON_BLOCKS = YES;
				GCC_WARN_64_TO_32_BIT_CONVERSION = YES;
				GCC_WARN_ABOUT_RETURN_TYPE = YES_ERROR;
				GCC_WARN_UNDECLARED_SELECTOR = YES;
				GCC_WARN_UNINITIALIZED_AUTOS = YES_AGGRESSIVE;
				GCC_WARN_UNUSED_FUNCTION = YES;
				GCC_WARN_UNUSED_VARIABLE = YES;
				IPHONEOS_DEPLOYMENT_TARGET = 11.0;
				MTL_ENABLE_DEBUG_INFO = NO;
				MTL_FAST_MATH = YES;
				SDKROOT = iphoneos;
				SWIFT_COMPILATION_MODE = wholemodule;
				SWIFT_OPTIMIZATION_LEVEL = "-O";
				VALIDATE_PRODUCT = YES;
			};
			name = Release;
		};
		191B6480219728CD005E5CE6 /* Debug */ = {
			isa = XCBuildConfiguration;
			baseConfigurationReference = 55B681C006DAD892F87CBBFF /* Pods-UniTice.debug.xcconfig */;
			buildSettings = {
				ASSETCATALOG_COMPILER_APPICON_NAME = AppIcon;
				CODE_SIGN_ENTITLEMENTS = UniTice/UniTice.entitlements;
				CODE_SIGN_IDENTITY = "iPhone Developer";
				CODE_SIGN_STYLE = Automatic;
				DEVELOPMENT_TEAM = H79MF628K3;
				INFOPLIST_FILE = UniTice/Info.plist;
				IPHONEOS_DEPLOYMENT_TARGET = 11.0;
				LD_RUNPATH_SEARCH_PATHS = (
					"$(inherited)",
					"@executable_path/Frameworks",
				);
				PRODUCT_BUNDLE_IDENTIFIER = com.presto.UniTice;
				PRODUCT_NAME = "$(TARGET_NAME)";
				PROVISIONING_PROFILE_SPECIFIER = "";
				SWIFT_VERSION = 4.2;
				TARGETED_DEVICE_FAMILY = 1;
			};
			name = Debug;
		};
		191B6481219728CD005E5CE6 /* Release */ = {
			isa = XCBuildConfiguration;
			baseConfigurationReference = 44803E144585D9995DBF0F72 /* Pods-UniTice.release.xcconfig */;
			buildSettings = {
				ASSETCATALOG_COMPILER_APPICON_NAME = AppIcon;
				CODE_SIGN_ENTITLEMENTS = UniTice/UniTice.entitlements;
				CODE_SIGN_IDENTITY = "iPhone Developer";
				CODE_SIGN_STYLE = Automatic;
				DEVELOPMENT_TEAM = H79MF628K3;
				INFOPLIST_FILE = UniTice/Info.plist;
				IPHONEOS_DEPLOYMENT_TARGET = 11.0;
				LD_RUNPATH_SEARCH_PATHS = (
					"$(inherited)",
					"@executable_path/Frameworks",
				);
				PRODUCT_BUNDLE_IDENTIFIER = com.presto.UniTice;
				PRODUCT_NAME = "$(TARGET_NAME)";
				PROVISIONING_PROFILE_SPECIFIER = "";
				SWIFT_VERSION = 4.2;
				TARGETED_DEVICE_FAMILY = 1;
			};
			name = Release;
		};
/* End XCBuildConfiguration section */

/* Begin XCConfigurationList section */
		191B6468219728CC005E5CE6 /* Build configuration list for PBXProject "UniTice" */ = {
			isa = XCConfigurationList;
			buildConfigurations = (
				191B647D219728CD005E5CE6 /* Debug */,
				191B647E219728CD005E5CE6 /* Release */,
			);
			defaultConfigurationIsVisible = 0;
			defaultConfigurationName = Release;
		};
		191B647F219728CD005E5CE6 /* Build configuration list for PBXNativeTarget "UniTice" */ = {
			isa = XCConfigurationList;
			buildConfigurations = (
				191B6480219728CD005E5CE6 /* Debug */,
				191B6481219728CD005E5CE6 /* Release */,
			);
			defaultConfigurationIsVisible = 0;
			defaultConfigurationName = Release;
		};
/* End XCConfigurationList section */

/* Begin XCVersionGroup section */
		194BF457219F072500FA6124 /* Model.xcdatamodeld */ = {
			isa = XCVersionGroup;
			children = (
				194BF458219F072500FA6124 /* Model.xcdatamodel */,
			);
			currentVersion = 194BF458219F072500FA6124 /* Model.xcdatamodel */;
			path = Model.xcdatamodeld;
			sourceTree = "<group>";
			versionGroupType = wrapper.xcdatamodel;
		};
/* End XCVersionGroup section */
	};
	rootObject = 191B6465219728CC005E5CE6 /* Project object */;
}
