// !$*UTF8*$!
{
	archiveVersion = 1;
	classes = {
	};
	objectVersion = 50;
	objects = {

/* Begin PBXBuildFile section */
		022264829BBC645477D3A62F54661532 /* UIColor+.swift in Sources */ = {isa = PBXBuildFile; fileRef = 04BC5FEEC18DB77BB088A0CC073FDEFA /* UIColor+.swift */; };
		02B72C9E7025E8C50964F3944A8FE1D2 /* 부산대학교.swift in Sources */ = {isa = PBXBuildFile; fileRef = B905278D345658FD379B8E62C247E9AF /* 부산대학교.swift */; };
		066E20DE0157BF04F807014DEF69CB6D /* KC대학교.swift in Sources */ = {isa = PBXBuildFile; fileRef = 00DBAA78F5C624D970DE7F0F72C9A96B /* KC대학교.swift */; };
		07773EA7139674A4FFF8599E88F02292 /* 명지대학교.swift in Sources */ = {isa = PBXBuildFile; fileRef = 4900937637E7A5FE622D1F3BFA71FE48 /* 명지대학교.swift */; };
		093D4A7FE3C0CB83F219D79757AAE526 /* SettingTableViewReactor.swift in Sources */ = {isa = PBXBuildFile; fileRef = 8ABC10D75E9DA0CA4B5EDB19577664E5 /* SettingTableViewReactor.swift */; };
		0A64A6CC1ABCD5CBDEB9AFDDCD335A55 /* 홍익대학교.swift in Sources */ = {isa = PBXBuildFile; fileRef = D119421137D168D1212D61D993CFA218 /* 홍익대학교.swift */; };
		0C213955850859C3862CD251C563E831 /* PersistenceService.swift in Sources */ = {isa = PBXBuildFile; fileRef = 2423E1ADF40C56B53347300B0B216919 /* PersistenceService.swift */; };
		0E28CA1F12FD6D94FD0260F67D558020 /* UTButton.swift in Sources */ = {isa = PBXBuildFile; fileRef = 65F03DA342EB30A955E63E1102B20907 /* UTButton.swift */; };
		0ED68DF7B19D4197CA13ECC97CFA8FF2 /* String+.swift in Sources */ = {isa = PBXBuildFile; fileRef = 9B4C47A3FDE032AD05E5340DF22C0BE1 /* String+.swift */; };
		10466383D9F745D0F90AAB171ADB5154 /* KeywordSettingViewController.swift in Sources */ = {isa = PBXBuildFile; fileRef = A748A085D9043CB46EEA8B2E39E15A92 /* KeywordSettingViewController.swift */; };
		128282F9E7D18641563E84E873C73CC9 /* 성균관대학교.swift in Sources */ = {isa = PBXBuildFile; fileRef = 48022216EC862040E2D05EC737E3C045 /* 성균관대학교.swift */; };
		13FCC600B107579C33B2F21E5EB0B921 /* MainNoticeHeaderView.swift in Sources */ = {isa = PBXBuildFile; fileRef = D78A3D01ADA47579DEC20237BAD55856 /* MainNoticeHeaderView.swift */; };
		17896B715811B5132A703FC7F2BAACB8 /* PostCell.swift in Sources */ = {isa = PBXBuildFile; fileRef = FBFF6616EB1488F1B4D8F2CD44501081 /* PostCell.swift */; };
		17B6C087CD479AE77D76238D70BE7127 /* FooterRefreshViewReactor.swift in Sources */ = {isa = PBXBuildFile; fileRef = E7D1907767E6F7ACDA586066B8CAC0DC /* FooterRefreshViewReactor.swift */; };
		191A70D7222FF8E70028E3A8 /* UTSection.swift in Sources */ = {isa = PBXBuildFile; fileRef = 191A70D6222FF8E70028E3A8 /* UTSection.swift */; };
		191A70DB22311D4B0028E3A8 /* MainContentTableViewReactor.swift in Sources */ = {isa = PBXBuildFile; fileRef = 191A70DA22311D4B0028E3A8 /* MainContentTableViewReactor.swift */; };
		196772F4D9557518EEB45A2635D04A99 /* KAIST.swift in Sources */ = {isa = PBXBuildFile; fileRef = 6293BDADFC5B65302A8752BCCB5C1371 /* KAIST.swift */; };
		198DC83E125DEE96B175EA588947E44A /* 덕성여자대학교.swift in Sources */ = {isa = PBXBuildFile; fileRef = 463C666BC7581143AD615A933F3D767B /* 덕성여자대학교.swift */; };
		1A3B5C22F61AE1A224285A4A0BA46E35 /* 경상대학교.swift in Sources */ = {isa = PBXBuildFile; fileRef = 9BF6FBFE220574803F4A6DFD860A40B9 /* 경상대학교.swift */; };
		1A77BB0ECA9590106DFBC4DE48C7C240 /* HTMLParseManager.swift in Sources */ = {isa = PBXBuildFile; fileRef = E8674D0379CEF9C25566ED57C909A9E9 /* HTMLParseManager.swift */; };
		23ACE97A1EBC2C688BB24590881FDC82 /* 국민대학교.swift in Sources */ = {isa = PBXBuildFile; fileRef = 0231E2462D329849F4D419CE752CA7B6 /* 국민대학교.swift */; };
		256C95C915D9622708D32678401F0185 /* FinishViewReactor.swift in Sources */ = {isa = PBXBuildFile; fileRef = 96A457D9F8ACA6910694C8B79E623483 /* FinishViewReactor.swift */; };
		273E48F804197BFF7076EDA6D402AEEE /* MainContainerViewReactor.swift in Sources */ = {isa = PBXBuildFile; fileRef = 8439848A8B96F13A366BBC7EA855C251 /* MainContainerViewReactor.swift */; };
		298F4167A18C6C91D60BDD67923F0C4F /* 부경대학교.swift in Sources */ = {isa = PBXBuildFile; fileRef = C8462771F95E29374B99314BBD59F509 /* 부경대학교.swift */; };
		2BF5CBDA06D6FB2E7DC9CEA18BB99BDD /* 총신대학교.swift in Sources */ = {isa = PBXBuildFile; fileRef = 12F490B0A59E711BB21EFE8D29D18A2B /* 총신대학교.swift */; };
		2E6E14CA1B612319FBAC50CEB5EE56D2 /* 경성대학교.swift in Sources */ = {isa = PBXBuildFile; fileRef = ACFC52EF82E227F1F45091508883870F /* 경성대학교.swift */; };
		2F4F27445B445AC32EDE286B48094C80 /* Typealias.swift in Sources */ = {isa = PBXBuildFile; fileRef = BB4C00C1433730AD22837BD964589933 /* Typealias.swift */; };
		328169D4DA229898EEE96F698C4AFE22 /* Assets.xcassets in Resources */ = {isa = PBXBuildFile; fileRef = C8F5F0120B457D2988CA3611D16A9D39 /* Assets.xcassets */; };
		33E082F6225F2F7F05FCEF0724656FF7 /* 전남대학교.swift in Sources */ = {isa = PBXBuildFile; fileRef = 1F977BC66472FA4BEC373E1CECBBF0CA /* 전남대학교.swift */; };
		35C6520C017D6F9F20124E8A30EC377D /* SearchViewReactor.swift in Sources */ = {isa = PBXBuildFile; fileRef = 7FA96230FA183B3F4B9713A551BFAB18 /* SearchViewReactor.swift */; };
		3986024C3B28BE7AE8B8C97893533BA8 /* 경희대학교.swift in Sources */ = {isa = PBXBuildFile; fileRef = B22767726C6F14472BC045DF53B0811B /* 경희대학교.swift */; };
		3B40F60C1F1164A499D3AC00B14B9A4A /* Global.swift in Sources */ = {isa = PBXBuildFile; fileRef = E6115C8E6BD08859FF7BDE967AFE25CD /* Global.swift */; };
		3C749BD635E80C455197BEBA39640D94 /* 세한대학교.swift in Sources */ = {isa = PBXBuildFile; fileRef = BD9FACFF31C128AE473810C7481458FB /* 세한대학교.swift */; };
		3CD523DE4220AE1754764CAB9879D2A8 /* 성신여자대학교.swift in Sources */ = {isa = PBXBuildFile; fileRef = A05CE97616554B2DE5DF4BB99A78434E /* 성신여자대학교.swift */; };
		3DAA93B0B3F6CD4BD70642500F750874 /* 성공회대학교.swift in Sources */ = {isa = PBXBuildFile; fileRef = 0F6744C27743B1BB31C1315EAFF07A29 /* 성공회대학교.swift */; };
		3FCBA46593018FDE55141B635B5EE3BA /* FinishViewController.swift in Sources */ = {isa = PBXBuildFile; fileRef = 063DC11F816ED6C41CD4753EE4FA71A1 /* FinishViewController.swift */; };
		414A83624490A20764B7B78EC86D848C /* 한국예술종합학교.swift in Sources */ = {isa = PBXBuildFile; fileRef = 05612026B8642D8BBEE2A22F3EAD4C92 /* 한국예술종합학교.swift */; };
		415C2B5460F7BFCEBDD822A6E3245D3B /* 동덕여자대학교.swift in Sources */ = {isa = PBXBuildFile; fileRef = CA0338580C436984766B2ABF63DF39BA /* 동덕여자대학교.swift */; };
		426D7170809FB89FD5ADB170D311B409 /* 전북대학교.swift in Sources */ = {isa = PBXBuildFile; fileRef = F62C63830DD0D3E08B754A2C96DCD956 /* 전북대학교.swift */; };
		46757892E80C3FF1AE7C8DB31DB502AD /* MainNoticeHeaderView.xib in Resources */ = {isa = PBXBuildFile; fileRef = 6653A045BBC8A67C965AB62C5A7A446B /* MainNoticeHeaderView.xib */; };
		48AC05003A490CD1BA594884DA451CE6 /* 세종대학교.swift in Sources */ = {isa = PBXBuildFile; fileRef = BC85EABCE6487A520BF7E427AF3F85C3 /* 세종대학교.swift */; };
		490FE2B0A7828617306B3F66655176A9 /* UniversityChangeViewReactor.swift in Sources */ = {isa = PBXBuildFile; fileRef = B4991D345178795CDBA51515DC02FB17 /* UniversityChangeViewReactor.swift */; };
		4A0C8BF363C1393413787689BE4EDAEA /* 목포대학교.swift in Sources */ = {isa = PBXBuildFile; fileRef = E691659D9788EEDCBC0407ABB6B4C9BA /* 목포대학교.swift */; };
		4B04C7BFA810EEDD79ADA242FD540D30 /* Assets.swift in Sources */ = {isa = PBXBuildFile; fileRef = CEDBEF88D834A2EEF92809B59DE5A3E5 /* Assets.swift */; };
		4CBC24323CB572C6CFE27AD7527E5D7A /* 강원대학교.swift in Sources */ = {isa = PBXBuildFile; fileRef = 5550EDC7CCE85C2DDC9B3B3F4D11399E /* 강원대학교.swift */; };
		4D52CC1A1E1E3AB3D91FD912C384A65E /* 서울과학기술대학교.swift in Sources */ = {isa = PBXBuildFile; fileRef = D1475456B6CE0EBC956BE3C491D82F5B /* 서울과학기술대학교.swift */; };
		5036843C1B939058194FA8378C82D842 /* UIView+.swift in Sources */ = {isa = PBXBuildFile; fileRef = 346E1257F16BEECFE64A627C0590B979 /* UIView+.swift */; };
		53038A98BFC74A7568BA101B8D2DBB17 /* 우석대학교.swift in Sources */ = {isa = PBXBuildFile; fileRef = AED5AE39BEDC44083D6B6565EC2CE825 /* 우석대학교.swift */; };
		5C8CB865689B6E02BC6950A909ED85EE /* Setting.storyboard in Resources */ = {isa = PBXBuildFile; fileRef = 324F4596B47D982888C025B5D8CE296E /* Setting.storyboard */; };
		5E6E0D61CFA1A6DDA7E9F6EDF45A2F42 /* KeywordRegisterHeaderView.swift in Sources */ = {isa = PBXBuildFile; fileRef = FF65B4A97D6579E0D8FD3C269CEC1416 /* KeywordRegisterHeaderView.swift */; };
		5EB140A66CD9D48987EA08EC87AB980D /* 삼육대학교.swift in Sources */ = {isa = PBXBuildFile; fileRef = 5138FB9FD9742F5B7F97AD9F703015D1 /* 삼육대학교.swift */; };
		5F53B73F567F9D9C7E5B245CF3DABDD3 /* Main.storyboard in Resources */ = {isa = PBXBuildFile; fileRef = 3C1D49A16274EC680723F8A75C5A6D36 /* Main.storyboard */; };
		5F6D1A9258B84A8E1F7D5F18DA3B9FBA /* 동국대학교.swift in Sources */ = {isa = PBXBuildFile; fileRef = AD3A38D55C37768C305E4810239E9D4B /* 동국대학교.swift */; };
		63592F74B4889B03DAC260F11498046B /* KeywordRegisterViewController.swift in Sources */ = {isa = PBXBuildFile; fileRef = EDEEC725494F91D5E96633ECF3D4AB27 /* KeywordRegisterViewController.swift */; };
		65393B7C7BA73485FA0193C5587B85A4 /* UIViewController+.swift in Sources */ = {isa = PBXBuildFile; fileRef = 4309BAD337F11933514D1F0222A8F7BF /* UIViewController+.swift */; };
		659BE41A9537BC60950E998B992EE6FD /* Post.swift in Sources */ = {isa = PBXBuildFile; fileRef = 32283192B8271AE4240D335EBC31B5B5 /* Post.swift */; };
		65ECE29C312E7FE332D5AFE926A25EBE /* 한국외국어대학교.swift in Sources */ = {isa = PBXBuildFile; fileRef = BBFEF4F5B64253AAE052CEFE49C0A9F8 /* 한국외국어대학교.swift */; };
		6B30E3574954397CF4A688F79F42FE85 /* KeywordRegisterViewReactor.swift in Sources */ = {isa = PBXBuildFile; fileRef = D665F7E1EE6E1ACDF85EBCBDB4FDF08D /* KeywordRegisterViewReactor.swift */; };
		6C3B4ED77DDC0BB4F7F540DCCD3C4623 /* Storyboard.swift in Sources */ = {isa = PBXBuildFile; fileRef = 3AA7E862495F5058B8FC20F85BDD5887 /* Storyboard.swift */; };
		6C9553C0E4B2B3590FDC9AA86C01C53C /* UTButtonType.swift in Sources */ = {isa = PBXBuildFile; fileRef = 252046F9A169D80EB2208A0914EE0F89 /* UTButtonType.swift */; };
		6CB01428FF06D410D6892619FF8C6C14 /* BookmarkViewReactor.swift in Sources */ = {isa = PBXBuildFile; fileRef = F24DD7D36CED7FB8BE04BBF298389F5A /* BookmarkViewReactor.swift */; };
		6E78DC02DB48D6353D429DEEC93257B4 /* MainContainerViewController.swift in Sources */ = {isa = PBXBuildFile; fileRef = 19D4E9CD6732AEF55BBAE3F2A8A78707 /* MainContainerViewController.swift */; };
		7059B92D21068551D5E8DB37E06E6D58 /* 동신대학교.swift in Sources */ = {isa = PBXBuildFile; fileRef = D45D2F9302C8FB60C3B96718AC5563C0 /* 동신대학교.swift */; };
		75BFE91C10A858776F5F4C05572204C6 /* 숙명여자대학교.swift in Sources */ = {isa = PBXBuildFile; fileRef = F86240173402754F52050697F4D5370C /* 숙명여자대학교.swift */; };
		77EB44ED1C4391CD1F9D4615DB7DDBF8 /* 충남대학교.swift in Sources */ = {isa = PBXBuildFile; fileRef = 7A19A355C0E7B26270B13455FAEB6FB3 /* 충남대학교.swift */; };
		7AB499D10CF1F55A7DD285713A6E8BFB /* 성결대학교.swift in Sources */ = {isa = PBXBuildFile; fileRef = D68547E87BA1702E6A06F846524C52BF /* 성결대학교.swift */; };
		7C49E5ABD24E745F01CB95104EF64B07 /* UniversityChangeViewController.swift in Sources */ = {isa = PBXBuildFile; fileRef = F5D6468398D5EDF46AAC85DEF7C10914 /* UniversityChangeViewController.swift */; };
		7C566737D01AB0742F24AD41B309D52E /* MainContentTableViewController.swift in Sources */ = {isa = PBXBuildFile; fileRef = FB58EBAF3E6B5E052E258577EE7441C6 /* MainContentTableViewController.swift */; };
		7C72F8AF48733606F9F3BEFC33DFF586 /* 서울교육대학교.swift in Sources */ = {isa = PBXBuildFile; fileRef = 28E7B366D88FB1C01FD8A2EA7A1D1F9E /* 서울교육대학교.swift */; };
		7DA138650FCB136A090FEBA5CB14465F /* .swiftlint.yml in Resources */ = {isa = PBXBuildFile; fileRef = B46EBD4056A515AF03DC14D413ABD98F /* .swiftlint.yml */; };
		80CDB8CB5E184A6E6CB50FDD2947ABFC /* 한국산업기술대학교.swift in Sources */ = {isa = PBXBuildFile; fileRef = F0CAF37526E0C75B79CCD3276E0B420F /* 한국산업기술대학교.swift */; };
		876D8A1027C1157BE1BBD0BDD8B5B490 /* String.Encoding+.swift in Sources */ = {isa = PBXBuildFile; fileRef = 2077160A4372522B15B36CF5D1E77036 /* String.Encoding+.swift */; };
		88EDB5FCB2A4B49DD7A61FCB09A4EEA5 /* KeywordSettingViewReactor.swift in Sources */ = {isa = PBXBuildFile; fileRef = 5D8403B3C695E57B8443B814983A1E25 /* KeywordSettingViewReactor.swift */; };
		8D9B12CD25A1114D8B54C0FCDEF08CE9 /* KeywordRegisterHeaderViewReactor.swift in Sources */ = {isa = PBXBuildFile; fileRef = C16769A2C9730F85F55D53BFAAA7E437 /* KeywordRegisterHeaderViewReactor.swift */; };
		8EB50CBE8810E93342D7B2DA5CC602C5 /* 고려대학교.swift in Sources */ = {isa = PBXBuildFile; fileRef = 19802C4B7162EF2843B92103CA48AE6B /* 고려대학교.swift */; };
		8EC1F3D66E7385857624EC8AB6469DA6 /* FooterRefreshView.swift in Sources */ = {isa = PBXBuildFile; fileRef = AE01FEDE5E2D0CA6E15D429E79F915FF /* FooterRefreshView.swift */; };
		96E789D1D9D1C923F424F219C2272F52 /* Notification.Name+.swift in Sources */ = {isa = PBXBuildFile; fileRef = 54048BBDBAE0A734F097242A941DC414 /* Notification.Name+.swift */; };
		9B18C8B5F95A0FE040AC6FAF04EA1AC5 /* SearchViewController.swift in Sources */ = {isa = PBXBuildFile; fileRef = 76E689ECAF5504FAA5C8533CEDCEDF63 /* SearchViewController.swift */; };
		9E33FDDD25472E3291D7EDEF556551F6 /* 대진대학교.swift in Sources */ = {isa = PBXBuildFile; fileRef = 72F4A4BE8EB4DEC59F1195A57BB1991E /* 대진대학교.swift */; };
		9FFB12F71BFC62CDFE1288DF0F4B04BC /* 서울대학교.swift in Sources */ = {isa = PBXBuildFile; fileRef = 0E010116F12D95D044F67D1ECDB0480A /* 서울대학교.swift */; };
		A26E43C3FE0B70E7189B363C83D0C629 /* Start.storyboard in Resources */ = {isa = PBXBuildFile; fileRef = D8BACE21D003D89CDFBEF5EDAD813503 /* Start.storyboard */; };
		A560776637B4FB6313089F6B3DC59874 /* UniversitySelectionViewReactor.swift in Sources */ = {isa = PBXBuildFile; fileRef = 9849BE3947663CC41C9500D782B2FA48 /* UniversitySelectionViewReactor.swift */; };
		A9215E01AA6F9870A07503B3861A0887 /* Pods_UniTice.framework in Frameworks */ = {isa = PBXBuildFile; fileRef = A5BBD521EF0470ADE4890AE3575C3C91 /* Pods_UniTice.framework */; };
		B5E9F0E75D8C7DA6655BB28762E5A7D9 /* 한양대학교.swift in Sources */ = {isa = PBXBuildFile; fileRef = 43640A4AE0F950EFB4FB135EC24DF808 /* 한양대학교.swift */; };
		B96E4C53356DF88E2E7FD1FBAAE030AF /* BookmarkViewController.swift in Sources */ = {isa = PBXBuildFile; fileRef = 62020FE7E112C3B3A370D0E5EBB7008E /* BookmarkViewController.swift */; };
		BA8FD2A4B9F8B0A9B67500C879D806EF /* UniversitySelectionViewController.swift in Sources */ = {isa = PBXBuildFile; fileRef = 2F2019DD511F6D5924FEA9A9FE3EAC23 /* UniversitySelectionViewController.swift */; };
		C06968D0C31BE3988697E83DF8B9955E /* 강남대학교.swift in Sources */ = {isa = PBXBuildFile; fileRef = 3002ADF01217148A3FA292698DD31FA5 /* 강남대학교.swift */; };
		C128D15B72187903A03D05F74F609F69 /* SettingTableViewController.swift in Sources */ = {isa = PBXBuildFile; fileRef = AD7DF4E8C9D370FE25717220BF9FB3C8 /* SettingTableViewController.swift */; };
		C1F65E528EC76FFDF91334DDC407651A /* Bookmark.swift in Sources */ = {isa = PBXBuildFile; fileRef = 9414A1159FF6C3751662030C2D913B30 /* Bookmark.swift */; };
		C29213BC44B61F15A7B76DC22D256839 /* University.swift in Sources */ = {isa = PBXBuildFile; fileRef = 3C2A461210EA4BC46ECCF42C165ACE4A /* University.swift */; };
		C40C562E30943DD3AB3C419D95B59B9C /* Log.swift in Sources */ = {isa = PBXBuildFile; fileRef = 8455CFF840691B1A99C42279E176F442 /* Log.swift */; };
		C7D06BC69177F14E7C9492658A5EEA1A /* AppDelegate.swift in Sources */ = {isa = PBXBuildFile; fileRef = 0FE9230690396CB88C7EA2F140A1393E /* AppDelegate.swift */; };
		CC0A8E81C537E8E88164C34BA924FBB2 /* KeywordCellReactor.swift in Sources */ = {isa = PBXBuildFile; fileRef = A3873B2E3BD50C810436C147913E688A /* KeywordCellReactor.swift */; };
		CE1332F2C57698B0F07C50ED8205AEF1 /* 한성대학교.swift in Sources */ = {isa = PBXBuildFile; fileRef = 349E23D65C645DBED95F640B0296FEC2 /* 한성대학교.swift */; };
		CFEF968F9A661E02B3FDC94E4A35FEC4 /* 광운대학교.swift in Sources */ = {isa = PBXBuildFile; fileRef = 9575EBDC96A978834679691DD465F7AC /* 광운대학교.swift */; };
		D1C215800E6F158616461FB7318485B6 /* UIAlertController+.swift in Sources */ = {isa = PBXBuildFile; fileRef = 21CF8C855B555C4CB604C8D92014CE70 /* UIAlertController+.swift */; };
		D6C87EDB09A09BB489175DD16B4FF20F /* LaunchScreen.storyboard in Resources */ = {isa = PBXBuildFile; fileRef = 079F4B800BEF0C729F1CB06CE28E6137 /* LaunchScreen.storyboard */; };
		DB677E3D094709057BB095CDE0F804B2 /* 경북대학교.swift in Sources */ = {isa = PBXBuildFile; fileRef = 8A5644942B7CDB9B26721C5BC3E76C50 /* 경북대학교.swift */; };
		DC648C4FB6B24F40AC0DC73C6CA39F4D /* PostCellReactor.swift in Sources */ = {isa = PBXBuildFile; fileRef = ED02AF592ADE5DD93B0D75F9CAB47B12 /* PostCellReactor.swift */; };
		E0F64030D67283BF31BD36A1CDD15271 /* GoogleService-Info.plist in Resources */ = {isa = PBXBuildFile; fileRef = 5DA37DBF97A3A7EA7A027E2A352F9A70 /* GoogleService-Info.plist */; };
		E233069DD2F94B0DD0FEA702C74AD87C /* User.swift in Sources */ = {isa = PBXBuildFile; fileRef = 3A15558527362FB63188651A092FF198 /* User.swift */; };
		E39C2742DFCB900446DBB5411A6E2603 /* KannaTest.swift in Sources */ = {isa = PBXBuildFile; fileRef = 45005E1A8B19CBD9F7DBBDE48998640D /* KannaTest.swift */; };
		E404C5D5362EFBCD6288261508D8E395 /* UniversityType.swift in Sources */ = {isa = PBXBuildFile; fileRef = 57CAE8FB06D6FA6CCC042628D11BDAF2 /* UniversityType.swift */; };
		E46F50E8A4A00EDAF7C5796775ADE0D2 /* 서경대학교.swift in Sources */ = {isa = PBXBuildFile; fileRef = 2FBCE5B22B2760224C4EB02F694210AE /* 서경대학교.swift */; };
		E509728FD07597F42A2556592E3B6F16 /* 이화여자대학교.swift in Sources */ = {isa = PBXBuildFile; fileRef = 52AEA59A159C29A76E73AEE97DCAC8A9 /* 이화여자대학교.swift */; };
		E8EA9DF3F42EE3B08C44B45215277F99 /* MainNoticeHeaderViewReactor.swift in Sources */ = {isa = PBXBuildFile; fileRef = E63BB5D4B6354374377D4E2C2F8E107B /* MainNoticeHeaderViewReactor.swift */; };
		EC7748695AFB11AF3850EF0FB685470D /* UTError.swift in Sources */ = {isa = PBXBuildFile; fileRef = 63F89BF98719CB8D63524DFF02C2161F /* UTError.swift */; };
		EDE45C738278C5DBA15DECD4BF804F87 /* 충북대학교.swift in Sources */ = {isa = PBXBuildFile; fileRef = 446DD24BDE09F622FD3B7B3E0E84CD9F /* 충북대학교.swift */; };
		EE3D43A40FD2ED7F28FBF3244FDAC467 /* 서울여자대학교.swift in Sources */ = {isa = PBXBuildFile; fileRef = D8DDD56918ADF1A97B89237A09646193 /* 서울여자대학교.swift */; };
		F14AEA7BC9E3F7AEBBAF359603D1AA91 /* InitialInfo.swift in Sources */ = {isa = PBXBuildFile; fileRef = AF778DC9E30615FEB74E5BEA7438ABC7 /* InitialInfo.swift */; };
		F24617A77992AF6B682F199AFB5D275C /* KeywordCell.swift in Sources */ = {isa = PBXBuildFile; fileRef = AFEEE4B12520EABF8121BC9E98CC9CD0 /* KeywordCell.swift */; };
		F736E1812C96DE2070620C540B18FF4F /* 제주대학교.swift in Sources */ = {isa = PBXBuildFile; fileRef = 1E831692CDE5E3F0A6460580387AFAE2 /* 제주대학교.swift */; };
		F74818B9401044D9FAE6012DF9A95BA9 /* swiftgen.yml in Resources */ = {isa = PBXBuildFile; fileRef = 8B1D407C1561CFFD3DC9A07B24382AEF /* swiftgen.yml */; };
		FDEDBE8615E788B6F1114843271DD062 /* KeywordRegisterHeaderView.xib in Resources */ = {isa = PBXBuildFile; fileRef = C04FB01723387C6B0B4591187696E141 /* KeywordRegisterHeaderView.xib */; };
		FE7694371FBD1229A30AD5BC07CDBCF7 /* NSObject+.swift in Sources */ = {isa = PBXBuildFile; fileRef = E013F09E898EE10E12E07D5D9A805407 /* NSObject+.swift */; };
/* End PBXBuildFile section */

/* Begin PBXContainerItemProxy section */
		4D9BA143DFD7378925964ED183BEB946 /* PBXContainerItemProxy */ = {
			isa = PBXContainerItemProxy;
			containerPortal = 0E08ECD84270577819B69C3B4B3D3A4D /* Project object */;
			proxyType = 1;
			remoteGlobalIDString = 56C774E71F804B442063AA91B3C3BF3A;
			remoteInfo = UniTice;
		};
/* End PBXContainerItemProxy section */

/* Begin PBXFileReference section */
		00DBAA78F5C624D970DE7F0F72C9A96B /* KC대학교.swift */ = {isa = PBXFileReference; lastKnownFileType = sourcecode.swift; path = "KC대학교.swift"; sourceTree = "<group>"; };
		0231E2462D329849F4D419CE752CA7B6 /* 국민대학교.swift */ = {isa = PBXFileReference; lastKnownFileType = sourcecode.swift; path = "국민대학교.swift"; sourceTree = "<group>"; };
		04BC5FEEC18DB77BB088A0CC073FDEFA /* UIColor+.swift */ = {isa = PBXFileReference; lastKnownFileType = sourcecode.swift; path = "UIColor+.swift"; sourceTree = "<group>"; };
		05612026B8642D8BBEE2A22F3EAD4C92 /* 한국예술종합학교.swift */ = {isa = PBXFileReference; lastKnownFileType = sourcecode.swift; path = "한국예술종합학교.swift"; sourceTree = "<group>"; };
		063DC11F816ED6C41CD4753EE4FA71A1 /* FinishViewController.swift */ = {isa = PBXFileReference; lastKnownFileType = sourcecode.swift; path = FinishViewController.swift; sourceTree = "<group>"; };
		09471EDFC8B809AD1C2D0B1B6657E458 /* UniTice.app */ = {isa = PBXFileReference; explicitFileType = wrapper.application; includeInIndex = 0; path = UniTice.app; sourceTree = BUILT_PRODUCTS_DIR; };
		0E010116F12D95D044F67D1ECDB0480A /* 서울대학교.swift */ = {isa = PBXFileReference; lastKnownFileType = sourcecode.swift; path = "서울대학교.swift"; sourceTree = "<group>"; };
		0F6744C27743B1BB31C1315EAFF07A29 /* 성공회대학교.swift */ = {isa = PBXFileReference; lastKnownFileType = sourcecode.swift; path = "성공회대학교.swift"; sourceTree = "<group>"; };
		0FE9230690396CB88C7EA2F140A1393E /* AppDelegate.swift */ = {isa = PBXFileReference; lastKnownFileType = sourcecode.swift; path = AppDelegate.swift; sourceTree = "<group>"; };
		117058885D273C35A1BD629068D3BF00 /* ko */ = {isa = PBXFileReference; lastKnownFileType = text.plist.strings; name = ko; path = ko.lproj/LaunchScreen.strings; sourceTree = "<group>"; };
		12F490B0A59E711BB21EFE8D29D18A2B /* 총신대학교.swift */ = {isa = PBXFileReference; lastKnownFileType = sourcecode.swift; path = "총신대학교.swift"; sourceTree = "<group>"; };
		191A70D6222FF8E70028E3A8 /* UTSection.swift */ = {isa = PBXFileReference; lastKnownFileType = sourcecode.swift; path = UTSection.swift; sourceTree = "<group>"; };
		191A70DA22311D4B0028E3A8 /* MainContentTableViewReactor.swift */ = {isa = PBXFileReference; lastKnownFileType = sourcecode.swift; path = MainContentTableViewReactor.swift; sourceTree = "<group>"; };
		19802C4B7162EF2843B92103CA48AE6B /* 고려대학교.swift */ = {isa = PBXFileReference; lastKnownFileType = sourcecode.swift; path = "고려대학교.swift"; sourceTree = "<group>"; };
		19D4E9CD6732AEF55BBAE3F2A8A78707 /* MainContainerViewController.swift */ = {isa = PBXFileReference; lastKnownFileType = sourcecode.swift; path = MainContainerViewController.swift; sourceTree = "<group>"; };
		1E831692CDE5E3F0A6460580387AFAE2 /* 제주대학교.swift */ = {isa = PBXFileReference; lastKnownFileType = sourcecode.swift; path = "제주대학교.swift"; sourceTree = "<group>"; };
		1F977BC66472FA4BEC373E1CECBBF0CA /* 전남대학교.swift */ = {isa = PBXFileReference; lastKnownFileType = sourcecode.swift; path = "전남대학교.swift"; sourceTree = "<group>"; };
		2077160A4372522B15B36CF5D1E77036 /* String.Encoding+.swift */ = {isa = PBXFileReference; lastKnownFileType = sourcecode.swift; path = "String.Encoding+.swift"; sourceTree = "<group>"; };
		21CF8C855B555C4CB604C8D92014CE70 /* UIAlertController+.swift */ = {isa = PBXFileReference; lastKnownFileType = sourcecode.swift; path = "UIAlertController+.swift"; sourceTree = "<group>"; };
		2423E1ADF40C56B53347300B0B216919 /* PersistenceService.swift */ = {isa = PBXFileReference; lastKnownFileType = sourcecode.swift; path = PersistenceService.swift; sourceTree = "<group>"; };
		252046F9A169D80EB2208A0914EE0F89 /* UTButtonType.swift */ = {isa = PBXFileReference; lastKnownFileType = sourcecode.swift; path = UTButtonType.swift; sourceTree = "<group>"; };
		28E7B366D88FB1C01FD8A2EA7A1D1F9E /* 서울교육대학교.swift */ = {isa = PBXFileReference; lastKnownFileType = sourcecode.swift; path = "서울교육대학교.swift"; sourceTree = "<group>"; };
		29347DA1D3A5B9C75F4103C950C900CC /* UniTice.entitlements */ = {isa = PBXFileReference; lastKnownFileType = text.plist.entitlements; path = UniTice.entitlements; sourceTree = "<group>"; };
		2F2019DD511F6D5924FEA9A9FE3EAC23 /* UniversitySelectionViewController.swift */ = {isa = PBXFileReference; lastKnownFileType = sourcecode.swift; path = UniversitySelectionViewController.swift; sourceTree = "<group>"; };
		2FBCE5B22B2760224C4EB02F694210AE /* 서경대학교.swift */ = {isa = PBXFileReference; lastKnownFileType = sourcecode.swift; path = "서경대학교.swift"; sourceTree = "<group>"; };
		3002ADF01217148A3FA292698DD31FA5 /* 강남대학교.swift */ = {isa = PBXFileReference; lastKnownFileType = sourcecode.swift; path = "강남대학교.swift"; sourceTree = "<group>"; };
		32283192B8271AE4240D335EBC31B5B5 /* Post.swift */ = {isa = PBXFileReference; lastKnownFileType = sourcecode.swift; path = Post.swift; sourceTree = "<group>"; };
		324F4596B47D982888C025B5D8CE296E /* Setting.storyboard */ = {isa = PBXFileReference; fileEncoding = 4; lastKnownFileType = file.storyboard; path = Setting.storyboard; sourceTree = "<group>"; };
		346E1257F16BEECFE64A627C0590B979 /* UIView+.swift */ = {isa = PBXFileReference; lastKnownFileType = sourcecode.swift; path = "UIView+.swift"; sourceTree = "<group>"; };
		349E23D65C645DBED95F640B0296FEC2 /* 한성대학교.swift */ = {isa = PBXFileReference; lastKnownFileType = sourcecode.swift; path = "한성대학교.swift"; sourceTree = "<group>"; };
		3A15558527362FB63188651A092FF198 /* User.swift */ = {isa = PBXFileReference; lastKnownFileType = sourcecode.swift; path = User.swift; sourceTree = "<group>"; };
		3AA7E862495F5058B8FC20F85BDD5887 /* Storyboard.swift */ = {isa = PBXFileReference; fileEncoding = 4; lastKnownFileType = sourcecode.swift; path = Storyboard.swift; sourceTree = "<group>"; };
		3C2A461210EA4BC46ECCF42C165ACE4A /* University.swift */ = {isa = PBXFileReference; lastKnownFileType = sourcecode.swift; path = University.swift; sourceTree = "<group>"; };
		4309BAD337F11933514D1F0222A8F7BF /* UIViewController+.swift */ = {isa = PBXFileReference; lastKnownFileType = sourcecode.swift; path = "UIViewController+.swift"; sourceTree = "<group>"; };
		43640A4AE0F950EFB4FB135EC24DF808 /* 한양대학교.swift */ = {isa = PBXFileReference; lastKnownFileType = sourcecode.swift; path = "한양대학교.swift"; sourceTree = "<group>"; };
		438D5B16152A4EF1E67895675E05F393 /* Base */ = {isa = PBXFileReference; lastKnownFileType = file.storyboard; name = Base; path = Base.lproj/Main.storyboard; sourceTree = "<group>"; };
		446DD24BDE09F622FD3B7B3E0E84CD9F /* 충북대학교.swift */ = {isa = PBXFileReference; lastKnownFileType = sourcecode.swift; path = "충북대학교.swift"; sourceTree = "<group>"; };
		45005E1A8B19CBD9F7DBBDE48998640D /* KannaTest.swift */ = {isa = PBXFileReference; lastKnownFileType = sourcecode.swift; path = KannaTest.swift; sourceTree = "<group>"; };
		45A317AD37A469D9A7C80F0CF6817211 /* Pods-UniTice.release.xcconfig */ = {isa = PBXFileReference; includeInIndex = 1; lastKnownFileType = text.xcconfig; name = "Pods-UniTice.release.xcconfig"; path = "Target Support Files/Pods-UniTice/Pods-UniTice.release.xcconfig"; sourceTree = "<group>"; };
		463C666BC7581143AD615A933F3D767B /* 덕성여자대학교.swift */ = {isa = PBXFileReference; lastKnownFileType = sourcecode.swift; path = "덕성여자대학교.swift"; sourceTree = "<group>"; };
		48022216EC862040E2D05EC737E3C045 /* 성균관대학교.swift */ = {isa = PBXFileReference; lastKnownFileType = sourcecode.swift; path = "성균관대학교.swift"; sourceTree = "<group>"; };
		4900937637E7A5FE622D1F3BFA71FE48 /* 명지대학교.swift */ = {isa = PBXFileReference; lastKnownFileType = sourcecode.swift; path = "명지대학교.swift"; sourceTree = "<group>"; };
		4BFB1B60D49B7220F9A3D98A350F7940 /* Base */ = {isa = PBXFileReference; lastKnownFileType = file.storyboard; name = Base; path = Base.lproj/LaunchScreen.storyboard; sourceTree = "<group>"; };
		5138FB9FD9742F5B7F97AD9F703015D1 /* 삼육대학교.swift */ = {isa = PBXFileReference; lastKnownFileType = sourcecode.swift; path = "삼육대학교.swift"; sourceTree = "<group>"; };
		52AEA59A159C29A76E73AEE97DCAC8A9 /* 이화여자대학교.swift */ = {isa = PBXFileReference; lastKnownFileType = sourcecode.swift; path = "이화여자대학교.swift"; sourceTree = "<group>"; };
		54048BBDBAE0A734F097242A941DC414 /* Notification.Name+.swift */ = {isa = PBXFileReference; lastKnownFileType = sourcecode.swift; path = "Notification.Name+.swift"; sourceTree = "<group>"; };
		5550EDC7CCE85C2DDC9B3B3F4D11399E /* 강원대학교.swift */ = {isa = PBXFileReference; lastKnownFileType = sourcecode.swift; path = "강원대학교.swift"; sourceTree = "<group>"; };
		57CAE8FB06D6FA6CCC042628D11BDAF2 /* UniversityType.swift */ = {isa = PBXFileReference; lastKnownFileType = sourcecode.swift; path = UniversityType.swift; sourceTree = "<group>"; };
		5D8403B3C695E57B8443B814983A1E25 /* KeywordSettingViewReactor.swift */ = {isa = PBXFileReference; lastKnownFileType = sourcecode.swift; path = KeywordSettingViewReactor.swift; sourceTree = "<group>"; };
		5DA37DBF97A3A7EA7A027E2A352F9A70 /* GoogleService-Info.plist */ = {isa = PBXFileReference; fileEncoding = 4; lastKnownFileType = text.plist.xml; path = "GoogleService-Info.plist"; sourceTree = "<group>"; };
		62020FE7E112C3B3A370D0E5EBB7008E /* BookmarkViewController.swift */ = {isa = PBXFileReference; lastKnownFileType = sourcecode.swift; path = BookmarkViewController.swift; sourceTree = "<group>"; };
		6293BDADFC5B65302A8752BCCB5C1371 /* KAIST.swift */ = {isa = PBXFileReference; lastKnownFileType = sourcecode.swift; path = KAIST.swift; sourceTree = "<group>"; };
		63F89BF98719CB8D63524DFF02C2161F /* UTError.swift */ = {isa = PBXFileReference; lastKnownFileType = sourcecode.swift; path = UTError.swift; sourceTree = "<group>"; };
		65F03DA342EB30A955E63E1102B20907 /* UTButton.swift */ = {isa = PBXFileReference; lastKnownFileType = sourcecode.swift; path = UTButton.swift; sourceTree = "<group>"; };
		6653A045BBC8A67C965AB62C5A7A446B /* MainNoticeHeaderView.xib */ = {isa = PBXFileReference; lastKnownFileType = file.xib; path = MainNoticeHeaderView.xib; sourceTree = "<group>"; };
		72F4A4BE8EB4DEC59F1195A57BB1991E /* 대진대학교.swift */ = {isa = PBXFileReference; lastKnownFileType = sourcecode.swift; path = "대진대학교.swift"; sourceTree = "<group>"; };
		76E689ECAF5504FAA5C8533CEDCEDF63 /* SearchViewController.swift */ = {isa = PBXFileReference; lastKnownFileType = sourcecode.swift; path = SearchViewController.swift; sourceTree = "<group>"; };
		7A19A355C0E7B26270B13455FAEB6FB3 /* 충남대학교.swift */ = {isa = PBXFileReference; lastKnownFileType = sourcecode.swift; path = "충남대학교.swift"; sourceTree = "<group>"; };
		7FA2ACD17CA5CFF0B5F051C5F6E8921E /* Info.plist */ = {isa = PBXFileReference; lastKnownFileType = text.plist.xml; path = Info.plist; sourceTree = "<group>"; };
		7FA96230FA183B3F4B9713A551BFAB18 /* SearchViewReactor.swift */ = {isa = PBXFileReference; lastKnownFileType = sourcecode.swift; path = SearchViewReactor.swift; sourceTree = "<group>"; };
		8439848A8B96F13A366BBC7EA855C251 /* MainContainerViewReactor.swift */ = {isa = PBXFileReference; lastKnownFileType = sourcecode.swift; path = MainContainerViewReactor.swift; sourceTree = "<group>"; };
		8455CFF840691B1A99C42279E176F442 /* Log.swift */ = {isa = PBXFileReference; lastKnownFileType = sourcecode.swift; path = Log.swift; sourceTree = "<group>"; };
		8A5644942B7CDB9B26721C5BC3E76C50 /* 경북대학교.swift */ = {isa = PBXFileReference; lastKnownFileType = sourcecode.swift; path = "경북대학교.swift"; sourceTree = "<group>"; };
		8ABC10D75E9DA0CA4B5EDB19577664E5 /* SettingTableViewReactor.swift */ = {isa = PBXFileReference; lastKnownFileType = sourcecode.swift; path = SettingTableViewReactor.swift; sourceTree = "<group>"; };
		8B1D407C1561CFFD3DC9A07B24382AEF /* swiftgen.yml */ = {isa = PBXFileReference; lastKnownFileType = text; path = swiftgen.yml; sourceTree = "<group>"; };
		92BBCA6AEA72D2D5FFB50308142A812C /* UniTiceTests.xctest */ = {isa = PBXFileReference; explicitFileType = wrapper.cfbundle; includeInIndex = 0; path = UniTiceTests.xctest; sourceTree = BUILT_PRODUCTS_DIR; };
		9414A1159FF6C3751662030C2D913B30 /* Bookmark.swift */ = {isa = PBXFileReference; lastKnownFileType = sourcecode.swift; path = Bookmark.swift; sourceTree = "<group>"; };
		9575EBDC96A978834679691DD465F7AC /* 광운대학교.swift */ = {isa = PBXFileReference; lastKnownFileType = sourcecode.swift; path = "광운대학교.swift"; sourceTree = "<group>"; };
		96A457D9F8ACA6910694C8B79E623483 /* FinishViewReactor.swift */ = {isa = PBXFileReference; lastKnownFileType = sourcecode.swift; path = FinishViewReactor.swift; sourceTree = "<group>"; };
		9849BE3947663CC41C9500D782B2FA48 /* UniversitySelectionViewReactor.swift */ = {isa = PBXFileReference; lastKnownFileType = sourcecode.swift; path = UniversitySelectionViewReactor.swift; sourceTree = "<group>"; };
		9B4C47A3FDE032AD05E5340DF22C0BE1 /* String+.swift */ = {isa = PBXFileReference; lastKnownFileType = sourcecode.swift; path = "String+.swift"; sourceTree = "<group>"; };
		9BF6FBFE220574803F4A6DFD860A40B9 /* 경상대학교.swift */ = {isa = PBXFileReference; lastKnownFileType = sourcecode.swift; path = "경상대학교.swift"; sourceTree = "<group>"; };
		A05CE97616554B2DE5DF4BB99A78434E /* 성신여자대학교.swift */ = {isa = PBXFileReference; lastKnownFileType = sourcecode.swift; path = "성신여자대학교.swift"; sourceTree = "<group>"; };
		A3873B2E3BD50C810436C147913E688A /* KeywordCellReactor.swift */ = {isa = PBXFileReference; lastKnownFileType = sourcecode.swift; path = KeywordCellReactor.swift; sourceTree = "<group>"; };
		A5BBD521EF0470ADE4890AE3575C3C91 /* Pods_UniTice.framework */ = {isa = PBXFileReference; explicitFileType = wrapper.framework; includeInIndex = 0; path = Pods_UniTice.framework; sourceTree = BUILT_PRODUCTS_DIR; };
		A748A085D9043CB46EEA8B2E39E15A92 /* KeywordSettingViewController.swift */ = {isa = PBXFileReference; lastKnownFileType = sourcecode.swift; path = KeywordSettingViewController.swift; sourceTree = "<group>"; };
		ACFC52EF82E227F1F45091508883870F /* 경성대학교.swift */ = {isa = PBXFileReference; lastKnownFileType = sourcecode.swift; path = "경성대학교.swift"; sourceTree = "<group>"; };
		AD3A38D55C37768C305E4810239E9D4B /* 동국대학교.swift */ = {isa = PBXFileReference; lastKnownFileType = sourcecode.swift; path = "동국대학교.swift"; sourceTree = "<group>"; };
		AD7DF4E8C9D370FE25717220BF9FB3C8 /* SettingTableViewController.swift */ = {isa = PBXFileReference; lastKnownFileType = sourcecode.swift; path = SettingTableViewController.swift; sourceTree = "<group>"; };
		AE01FEDE5E2D0CA6E15D429E79F915FF /* FooterRefreshView.swift */ = {isa = PBXFileReference; lastKnownFileType = sourcecode.swift; path = FooterRefreshView.swift; sourceTree = "<group>"; };
		AED5AE39BEDC44083D6B6565EC2CE825 /* 우석대학교.swift */ = {isa = PBXFileReference; lastKnownFileType = sourcecode.swift; path = "우석대학교.swift"; sourceTree = "<group>"; };
		AF778DC9E30615FEB74E5BEA7438ABC7 /* InitialInfo.swift */ = {isa = PBXFileReference; lastKnownFileType = sourcecode.swift; path = InitialInfo.swift; sourceTree = "<group>"; };
		AFEEE4B12520EABF8121BC9E98CC9CD0 /* KeywordCell.swift */ = {isa = PBXFileReference; lastKnownFileType = sourcecode.swift; path = KeywordCell.swift; sourceTree = "<group>"; };
		B22767726C6F14472BC045DF53B0811B /* 경희대학교.swift */ = {isa = PBXFileReference; lastKnownFileType = sourcecode.swift; path = "경희대학교.swift"; sourceTree = "<group>"; };
		B46EBD4056A515AF03DC14D413ABD98F /* .swiftlint.yml */ = {isa = PBXFileReference; lastKnownFileType = text; path = .swiftlint.yml; sourceTree = "<group>"; };
		B4991D345178795CDBA51515DC02FB17 /* UniversityChangeViewReactor.swift */ = {isa = PBXFileReference; lastKnownFileType = sourcecode.swift; path = UniversityChangeViewReactor.swift; sourceTree = "<group>"; };
		B905278D345658FD379B8E62C247E9AF /* 부산대학교.swift */ = {isa = PBXFileReference; lastKnownFileType = sourcecode.swift; path = "부산대학교.swift"; sourceTree = "<group>"; };
		BB4C00C1433730AD22837BD964589933 /* Typealias.swift */ = {isa = PBXFileReference; lastKnownFileType = sourcecode.swift; path = Typealias.swift; sourceTree = "<group>"; };
		BBFEF4F5B64253AAE052CEFE49C0A9F8 /* 한국외국어대학교.swift */ = {isa = PBXFileReference; lastKnownFileType = sourcecode.swift; path = "한국외국어대학교.swift"; sourceTree = "<group>"; };
		BC85EABCE6487A520BF7E427AF3F85C3 /* 세종대학교.swift */ = {isa = PBXFileReference; lastKnownFileType = sourcecode.swift; path = "세종대학교.swift"; sourceTree = "<group>"; };
		BD9FACFF31C128AE473810C7481458FB /* 세한대학교.swift */ = {isa = PBXFileReference; lastKnownFileType = sourcecode.swift; path = "세한대학교.swift"; sourceTree = "<group>"; };
		C04FB01723387C6B0B4591187696E141 /* KeywordRegisterHeaderView.xib */ = {isa = PBXFileReference; lastKnownFileType = file.xib; path = KeywordRegisterHeaderView.xib; sourceTree = "<group>"; };
		C16769A2C9730F85F55D53BFAAA7E437 /* KeywordRegisterHeaderViewReactor.swift */ = {isa = PBXFileReference; lastKnownFileType = sourcecode.swift; path = KeywordRegisterHeaderViewReactor.swift; sourceTree = "<group>"; };
		C8462771F95E29374B99314BBD59F509 /* 부경대학교.swift */ = {isa = PBXFileReference; lastKnownFileType = sourcecode.swift; path = "부경대학교.swift"; sourceTree = "<group>"; };
		C8F5F0120B457D2988CA3611D16A9D39 /* Assets.xcassets */ = {isa = PBXFileReference; lastKnownFileType = folder.assetcatalog; path = Assets.xcassets; sourceTree = "<group>"; };
		CA0338580C436984766B2ABF63DF39BA /* 동덕여자대학교.swift */ = {isa = PBXFileReference; lastKnownFileType = sourcecode.swift; path = "동덕여자대학교.swift"; sourceTree = "<group>"; };
		CD153036B09D8C08D31F2525F8627A51 /* Info.plist */ = {isa = PBXFileReference; lastKnownFileType = text.plist.xml; path = Info.plist; sourceTree = "<group>"; };
		CEDBEF88D834A2EEF92809B59DE5A3E5 /* Assets.swift */ = {isa = PBXFileReference; fileEncoding = 4; lastKnownFileType = sourcecode.swift; path = Assets.swift; sourceTree = "<group>"; };
		D119421137D168D1212D61D993CFA218 /* 홍익대학교.swift */ = {isa = PBXFileReference; lastKnownFileType = sourcecode.swift; path = "홍익대학교.swift"; sourceTree = "<group>"; };
		D1475456B6CE0EBC956BE3C491D82F5B /* 서울과학기술대학교.swift */ = {isa = PBXFileReference; lastKnownFileType = sourcecode.swift; path = "서울과학기술대학교.swift"; sourceTree = "<group>"; };
		D45D2F9302C8FB60C3B96718AC5563C0 /* 동신대학교.swift */ = {isa = PBXFileReference; lastKnownFileType = sourcecode.swift; path = "동신대학교.swift"; sourceTree = "<group>"; };
		D665F7E1EE6E1ACDF85EBCBDB4FDF08D /* KeywordRegisterViewReactor.swift */ = {isa = PBXFileReference; lastKnownFileType = sourcecode.swift; path = KeywordRegisterViewReactor.swift; sourceTree = "<group>"; };
		D68547E87BA1702E6A06F846524C52BF /* 성결대학교.swift */ = {isa = PBXFileReference; lastKnownFileType = sourcecode.swift; path = "성결대학교.swift"; sourceTree = "<group>"; };
		D78A3D01ADA47579DEC20237BAD55856 /* MainNoticeHeaderView.swift */ = {isa = PBXFileReference; lastKnownFileType = sourcecode.swift; path = MainNoticeHeaderView.swift; sourceTree = "<group>"; };
		D8BACE21D003D89CDFBEF5EDAD813503 /* Start.storyboard */ = {isa = PBXFileReference; lastKnownFileType = file.storyboard; path = Start.storyboard; sourceTree = "<group>"; };
		D8DDD56918ADF1A97B89237A09646193 /* 서울여자대학교.swift */ = {isa = PBXFileReference; lastKnownFileType = sourcecode.swift; path = "서울여자대학교.swift"; sourceTree = "<group>"; };
		DB0E30EBB9B143F442C80ABAA434FC0F /* Pods-UniTice.debug.xcconfig */ = {isa = PBXFileReference; includeInIndex = 1; lastKnownFileType = text.xcconfig; name = "Pods-UniTice.debug.xcconfig"; path = "Target Support Files/Pods-UniTice/Pods-UniTice.debug.xcconfig"; sourceTree = "<group>"; };
		E013F09E898EE10E12E07D5D9A805407 /* NSObject+.swift */ = {isa = PBXFileReference; lastKnownFileType = sourcecode.swift; path = "NSObject+.swift"; sourceTree = "<group>"; };
		E6115C8E6BD08859FF7BDE967AFE25CD /* Global.swift */ = {isa = PBXFileReference; lastKnownFileType = sourcecode.swift; path = Global.swift; sourceTree = "<group>"; };
		E63BB5D4B6354374377D4E2C2F8E107B /* MainNoticeHeaderViewReactor.swift */ = {isa = PBXFileReference; lastKnownFileType = sourcecode.swift; path = MainNoticeHeaderViewReactor.swift; sourceTree = "<group>"; };
		E691659D9788EEDCBC0407ABB6B4C9BA /* 목포대학교.swift */ = {isa = PBXFileReference; lastKnownFileType = sourcecode.swift; path = "목포대학교.swift"; sourceTree = "<group>"; };
		E7D1907767E6F7ACDA586066B8CAC0DC /* FooterRefreshViewReactor.swift */ = {isa = PBXFileReference; lastKnownFileType = sourcecode.swift; path = FooterRefreshViewReactor.swift; sourceTree = "<group>"; };
		E8674D0379CEF9C25566ED57C909A9E9 /* HTMLParseManager.swift */ = {isa = PBXFileReference; lastKnownFileType = sourcecode.swift; path = HTMLParseManager.swift; sourceTree = "<group>"; };
		ED02AF592ADE5DD93B0D75F9CAB47B12 /* PostCellReactor.swift */ = {isa = PBXFileReference; lastKnownFileType = sourcecode.swift; path = PostCellReactor.swift; sourceTree = "<group>"; };
		EDEEC725494F91D5E96633ECF3D4AB27 /* KeywordRegisterViewController.swift */ = {isa = PBXFileReference; lastKnownFileType = sourcecode.swift; path = KeywordRegisterViewController.swift; sourceTree = "<group>"; };
		F05102E218C7653B93CFB33645560390 /* Pods_UniTiceTests.framework */ = {isa = PBXFileReference; explicitFileType = wrapper.framework; includeInIndex = 0; path = Pods_UniTiceTests.framework; sourceTree = BUILT_PRODUCTS_DIR; };
		F0CAF37526E0C75B79CCD3276E0B420F /* 한국산업기술대학교.swift */ = {isa = PBXFileReference; lastKnownFileType = sourcecode.swift; path = "한국산업기술대학교.swift"; sourceTree = "<group>"; };
		F24DD7D36CED7FB8BE04BBF298389F5A /* BookmarkViewReactor.swift */ = {isa = PBXFileReference; lastKnownFileType = sourcecode.swift; path = BookmarkViewReactor.swift; sourceTree = "<group>"; };
		F5D6468398D5EDF46AAC85DEF7C10914 /* UniversityChangeViewController.swift */ = {isa = PBXFileReference; lastKnownFileType = sourcecode.swift; path = UniversityChangeViewController.swift; sourceTree = "<group>"; };
		F62C63830DD0D3E08B754A2C96DCD956 /* 전북대학교.swift */ = {isa = PBXFileReference; lastKnownFileType = sourcecode.swift; path = "전북대학교.swift"; sourceTree = "<group>"; };
		F86240173402754F52050697F4D5370C /* 숙명여자대학교.swift */ = {isa = PBXFileReference; lastKnownFileType = sourcecode.swift; path = "숙명여자대학교.swift"; sourceTree = "<group>"; };
		FB58EBAF3E6B5E052E258577EE7441C6 /* MainContentTableViewController.swift */ = {isa = PBXFileReference; lastKnownFileType = sourcecode.swift; path = MainContentTableViewController.swift; sourceTree = "<group>"; };
		FBFF6616EB1488F1B4D8F2CD44501081 /* PostCell.swift */ = {isa = PBXFileReference; lastKnownFileType = sourcecode.swift; path = PostCell.swift; sourceTree = "<group>"; };
		FF65B4A97D6579E0D8FD3C269CEC1416 /* KeywordRegisterHeaderView.swift */ = {isa = PBXFileReference; lastKnownFileType = sourcecode.swift; path = KeywordRegisterHeaderView.swift; sourceTree = "<group>"; };
/* End PBXFileReference section */

/* Begin PBXFrameworksBuildPhase section */
		3163DFB45A7EF99E33F1A2A3196F5A92 /* Frameworks */ = {
			isa = PBXFrameworksBuildPhase;
			buildActionMask = 2147483647;
			files = (
				A9215E01AA6F9870A07503B3861A0887 /* Pods_UniTice.framework in Frameworks */,
			);
			runOnlyForDeploymentPostprocessing = 0;
		};
		9A8F2FC670975191314CD5CF1DB1F43F /* Frameworks */ = {
			isa = PBXFrameworksBuildPhase;
			buildActionMask = 2147483647;
			files = (
			);
			runOnlyForDeploymentPostprocessing = 0;
		};
/* End PBXFrameworksBuildPhase section */

/* Begin PBXGroup section */
		04949362FB2D02A8F97E279BA18ED102 /* UniTiceTests */ = {
			isa = PBXGroup;
			children = (
				CD153036B09D8C08D31F2525F8627A51 /* Info.plist */,
				45005E1A8B19CBD9F7DBBDE48998640D /* KannaTest.swift */,
			);
			path = UniTiceTests;
			sourceTree = "<group>";
		};
		0E9FCD19E69574EB84B9DE198A50079D /* Storyboards */ = {
			isa = PBXGroup;
			children = (
				3C1D49A16274EC680723F8A75C5A6D36 /* Main.storyboard */,
				324F4596B47D982888C025B5D8CE296E /* Setting.storyboard */,
				D8BACE21D003D89CDFBEF5EDAD813503 /* Start.storyboard */,
			);
			path = Storyboards;
			sourceTree = "<group>";
		};
		151C9DB825BFF957BCD11016602D4739 /* Extension */ = {
			isa = PBXGroup;
			children = (
				E013F09E898EE10E12E07D5D9A805407 /* NSObject+.swift */,
				54048BBDBAE0A734F097242A941DC414 /* Notification.Name+.swift */,
				9B4C47A3FDE032AD05E5340DF22C0BE1 /* String+.swift */,
				2077160A4372522B15B36CF5D1E77036 /* String.Encoding+.swift */,
				21CF8C855B555C4CB604C8D92014CE70 /* UIAlertController+.swift */,
				04BC5FEEC18DB77BB088A0CC073FDEFA /* UIColor+.swift */,
				346E1257F16BEECFE64A627C0590B979 /* UIView+.swift */,
				4309BAD337F11933514D1F0222A8F7BF /* UIViewController+.swift */,
			);
			path = Extension;
			sourceTree = "<group>";
		};
		191A70D5222FF8D30028E3A8 /* Rx */ = {
			isa = PBXGroup;
			children = (
				191A70D6222FF8E70028E3A8 /* UTSection.swift */,
			);
			path = Rx;
			sourceTree = "<group>";
		};
		27D53100EFA20153E5941C62CA58B4B6 /* University */ = {
			isa = PBXGroup;
			children = (
				6293BDADFC5B65302A8752BCCB5C1371 /* KAIST.swift */,
				00DBAA78F5C624D970DE7F0F72C9A96B /* KC대학교.swift */,
				3002ADF01217148A3FA292698DD31FA5 /* 강남대학교.swift */,
				5550EDC7CCE85C2DDC9B3B3F4D11399E /* 강원대학교.swift */,
				8A5644942B7CDB9B26721C5BC3E76C50 /* 경북대학교.swift */,
				9BF6FBFE220574803F4A6DFD860A40B9 /* 경상대학교.swift */,
				ACFC52EF82E227F1F45091508883870F /* 경성대학교.swift */,
				B22767726C6F14472BC045DF53B0811B /* 경희대학교.swift */,
				19802C4B7162EF2843B92103CA48AE6B /* 고려대학교.swift */,
				9575EBDC96A978834679691DD465F7AC /* 광운대학교.swift */,
				0231E2462D329849F4D419CE752CA7B6 /* 국민대학교.swift */,
				72F4A4BE8EB4DEC59F1195A57BB1991E /* 대진대학교.swift */,
				463C666BC7581143AD615A933F3D767B /* 덕성여자대학교.swift */,
				AD3A38D55C37768C305E4810239E9D4B /* 동국대학교.swift */,
				CA0338580C436984766B2ABF63DF39BA /* 동덕여자대학교.swift */,
				D45D2F9302C8FB60C3B96718AC5563C0 /* 동신대학교.swift */,
				4900937637E7A5FE622D1F3BFA71FE48 /* 명지대학교.swift */,
				E691659D9788EEDCBC0407ABB6B4C9BA /* 목포대학교.swift */,
				C8462771F95E29374B99314BBD59F509 /* 부경대학교.swift */,
				B905278D345658FD379B8E62C247E9AF /* 부산대학교.swift */,
				5138FB9FD9742F5B7F97AD9F703015D1 /* 삼육대학교.swift */,
				2FBCE5B22B2760224C4EB02F694210AE /* 서경대학교.swift */,
				D1475456B6CE0EBC956BE3C491D82F5B /* 서울과학기술대학교.swift */,
				28E7B366D88FB1C01FD8A2EA7A1D1F9E /* 서울교육대학교.swift */,
				0E010116F12D95D044F67D1ECDB0480A /* 서울대학교.swift */,
				D8DDD56918ADF1A97B89237A09646193 /* 서울여자대학교.swift */,
				D68547E87BA1702E6A06F846524C52BF /* 성결대학교.swift */,
				0F6744C27743B1BB31C1315EAFF07A29 /* 성공회대학교.swift */,
				48022216EC862040E2D05EC737E3C045 /* 성균관대학교.swift */,
				A05CE97616554B2DE5DF4BB99A78434E /* 성신여자대학교.swift */,
				BC85EABCE6487A520BF7E427AF3F85C3 /* 세종대학교.swift */,
				BD9FACFF31C128AE473810C7481458FB /* 세한대학교.swift */,
				F86240173402754F52050697F4D5370C /* 숙명여자대학교.swift */,
				AED5AE39BEDC44083D6B6565EC2CE825 /* 우석대학교.swift */,
				52AEA59A159C29A76E73AEE97DCAC8A9 /* 이화여자대학교.swift */,
				1F977BC66472FA4BEC373E1CECBBF0CA /* 전남대학교.swift */,
				F62C63830DD0D3E08B754A2C96DCD956 /* 전북대학교.swift */,
				1E831692CDE5E3F0A6460580387AFAE2 /* 제주대학교.swift */,
				12F490B0A59E711BB21EFE8D29D18A2B /* 총신대학교.swift */,
				7A19A355C0E7B26270B13455FAEB6FB3 /* 충남대학교.swift */,
				446DD24BDE09F622FD3B7B3E0E84CD9F /* 충북대학교.swift */,
				F0CAF37526E0C75B79CCD3276E0B420F /* 한국산업기술대학교.swift */,
				05612026B8642D8BBEE2A22F3EAD4C92 /* 한국예술종합학교.swift */,
				BBFEF4F5B64253AAE052CEFE49C0A9F8 /* 한국외국어대학교.swift */,
				349E23D65C645DBED95F640B0296FEC2 /* 한성대학교.swift */,
				43640A4AE0F950EFB4FB135EC24DF808 /* 한양대학교.swift */,
				D119421137D168D1212D61D993CFA218 /* 홍익대학교.swift */,
			);
			path = University;
			sourceTree = "<group>";
		};
		31C897C2CA96708BA3547819DEE919CC /* ViewControllers */ = {
			isa = PBXGroup;
			children = (
				62020FE7E112C3B3A370D0E5EBB7008E /* BookmarkViewController.swift */,
				F24DD7D36CED7FB8BE04BBF298389F5A /* BookmarkViewReactor.swift */,
				063DC11F816ED6C41CD4753EE4FA71A1 /* FinishViewController.swift */,
				96A457D9F8ACA6910694C8B79E623483 /* FinishViewReactor.swift */,
				EDEEC725494F91D5E96633ECF3D4AB27 /* KeywordRegisterViewController.swift */,
				D665F7E1EE6E1ACDF85EBCBDB4FDF08D /* KeywordRegisterViewReactor.swift */,
				A748A085D9043CB46EEA8B2E39E15A92 /* KeywordSettingViewController.swift */,
				5D8403B3C695E57B8443B814983A1E25 /* KeywordSettingViewReactor.swift */,
				19D4E9CD6732AEF55BBAE3F2A8A78707 /* MainContainerViewController.swift */,
				8439848A8B96F13A366BBC7EA855C251 /* MainContainerViewReactor.swift */,
				FB58EBAF3E6B5E052E258577EE7441C6 /* MainContentTableViewController.swift */,
				191A70DA22311D4B0028E3A8 /* MainContentTableViewReactor.swift */,
				76E689ECAF5504FAA5C8533CEDCEDF63 /* SearchViewController.swift */,
				7FA96230FA183B3F4B9713A551BFAB18 /* SearchViewReactor.swift */,
				AD7DF4E8C9D370FE25717220BF9FB3C8 /* SettingTableViewController.swift */,
				8ABC10D75E9DA0CA4B5EDB19577664E5 /* SettingTableViewReactor.swift */,
				F5D6468398D5EDF46AAC85DEF7C10914 /* UniversityChangeViewController.swift */,
				B4991D345178795CDBA51515DC02FB17 /* UniversityChangeViewReactor.swift */,
				2F2019DD511F6D5924FEA9A9FE3EAC23 /* UniversitySelectionViewController.swift */,
				9849BE3947663CC41C9500D782B2FA48 /* UniversitySelectionViewReactor.swift */,
			);
			path = ViewControllers;
			sourceTree = "<group>";
		};
		331D283B5F3BD1A4FF08F6BF636EE5BC /* Services */ = {
			isa = PBXGroup;
			children = (
				E8674D0379CEF9C25566ED57C909A9E9 /* HTMLParseManager.swift */,
				2423E1ADF40C56B53347300B0B216919 /* PersistenceService.swift */,
			);
			path = Services;
			sourceTree = "<group>";
		};
		48377A17571C6BDFE9473535E5750EA5 = {
			isa = PBXGroup;
			children = (
				D0AFF467D748844CA5D717A131DEFE75 /* UniTice */,
				98CDC7ED5591DC0BD533A8DA82A1DE03 /* Frameworks */,
				C77B496A79E78B9DDD92588201BA16F4 /* Pods */,
				6D6A28A9AFD66B11BB9AE47542B85C46 /* Products */,
				04949362FB2D02A8F97E279BA18ED102 /* UniTiceTests */,
				B46EBD4056A515AF03DC14D413ABD98F /* .swiftlint.yml */,
				8B1D407C1561CFFD3DC9A07B24382AEF /* swiftgen.yml */,
			);
			sourceTree = "<group>";
		};
		564568C48819A9255CF8570EB8DE738A /* Views */ = {
			isa = PBXGroup;
			children = (
				AE01FEDE5E2D0CA6E15D429E79F915FF /* FooterRefreshView.swift */,
				E7D1907767E6F7ACDA586066B8CAC0DC /* FooterRefreshViewReactor.swift */,
				AFEEE4B12520EABF8121BC9E98CC9CD0 /* KeywordCell.swift */,
				A3873B2E3BD50C810436C147913E688A /* KeywordCellReactor.swift */,
				FF65B4A97D6579E0D8FD3C269CEC1416 /* KeywordRegisterHeaderView.swift */,
				C04FB01723387C6B0B4591187696E141 /* KeywordRegisterHeaderView.xib */,
				C16769A2C9730F85F55D53BFAAA7E437 /* KeywordRegisterHeaderViewReactor.swift */,
				D78A3D01ADA47579DEC20237BAD55856 /* MainNoticeHeaderView.swift */,
				6653A045BBC8A67C965AB62C5A7A446B /* MainNoticeHeaderView.xib */,
				E63BB5D4B6354374377D4E2C2F8E107B /* MainNoticeHeaderViewReactor.swift */,
				FBFF6616EB1488F1B4D8F2CD44501081 /* PostCell.swift */,
				ED02AF592ADE5DD93B0D75F9CAB47B12 /* PostCellReactor.swift */,
			);
			path = Views;
			sourceTree = "<group>";
		};
		5ACFCBB8F2CDFE041D47B36F13860752 /* Supports */ = {
			isa = PBXGroup;
			children = (
				5DA37DBF97A3A7EA7A027E2A352F9A70 /* GoogleService-Info.plist */,
				7FA2ACD17CA5CFF0B5F051C5F6E8921E /* Info.plist */,
			);
			path = Supports;
			sourceTree = "<group>";
		};
		6B1A0EB903806FDAA7E62C432B9DD1D0 /* Utils */ = {
			isa = PBXGroup;
			children = (
				151C9DB825BFF957BCD11016602D4739 /* Extension */,
				DD93A2025534CD2F02ECB6614F5B7C72 /* SwiftGen */,
			);
			path = Utils;
			sourceTree = "<group>";
		};
		6D6A28A9AFD66B11BB9AE47542B85C46 /* Products */ = {
			isa = PBXGroup;
			children = (
				09471EDFC8B809AD1C2D0B1B6657E458 /* UniTice.app */,
				92BBCA6AEA72D2D5FFB50308142A812C /* UniTiceTests.xctest */,
			);
			name = Products;
			sourceTree = "<group>";
		};
		98CDC7ED5591DC0BD533A8DA82A1DE03 /* Frameworks */ = {
			isa = PBXGroup;
			children = (
				A5BBD521EF0470ADE4890AE3575C3C91 /* Pods_UniTice.framework */,
				F05102E218C7653B93CFB33645560390 /* Pods_UniTiceTests.framework */,
			);
			name = Frameworks;
			sourceTree = "<group>";
		};
		A5E89637364D57690B1D7606700B2861 /* Models */ = {
			isa = PBXGroup;
			children = (
				27D53100EFA20153E5941C62CA58B4B6 /* University */,
				9414A1159FF6C3751662030C2D913B30 /* Bookmark.swift */,
				E6115C8E6BD08859FF7BDE967AFE25CD /* Global.swift */,
				AF778DC9E30615FEB74E5BEA7438ABC7 /* InitialInfo.swift */,
				32283192B8271AE4240D335EBC31B5B5 /* Post.swift */,
				3C2A461210EA4BC46ECCF42C165ACE4A /* University.swift */,
				57CAE8FB06D6FA6CCC042628D11BDAF2 /* UniversityType.swift */,
				3A15558527362FB63188651A092FF198 /* User.swift */,
			);
			path = Models;
			sourceTree = "<group>";
		};
		C77B496A79E78B9DDD92588201BA16F4 /* Pods */ = {
			isa = PBXGroup;
			children = (
				DB0E30EBB9B143F442C80ABAA434FC0F /* Pods-UniTice.debug.xcconfig */,
				45A317AD37A469D9A7C80F0CF6817211 /* Pods-UniTice.release.xcconfig */,
			);
			path = Pods;
			sourceTree = "<group>";
		};
		CD5186E880ACE42E03FE332949021ABC /* Common */ = {
			isa = PBXGroup;
			children = (
				8455CFF840691B1A99C42279E176F442 /* Log.swift */,
				BB4C00C1433730AD22837BD964589933 /* Typealias.swift */,
				65F03DA342EB30A955E63E1102B20907 /* UTButton.swift */,
				252046F9A169D80EB2208A0914EE0F89 /* UTButtonType.swift */,
				63F89BF98719CB8D63524DFF02C2161F /* UTError.swift */,
			);
			path = Common;
			sourceTree = "<group>";
		};
		D0AFF467D748844CA5D717A131DEFE75 /* UniTice */ = {
			isa = PBXGroup;
			children = (
				D640E0ABD2C49FDCB90A8FB468F92307 /* Resources */,
				E082EE7427130B2D3C60944FB2A6C93F /* Sources */,
				5ACFCBB8F2CDFE041D47B36F13860752 /* Supports */,
				29347DA1D3A5B9C75F4103C950C900CC /* UniTice.entitlements */,
			);
			path = UniTice;
			sourceTree = "<group>";
		};
		D640E0ABD2C49FDCB90A8FB468F92307 /* Resources */ = {
			isa = PBXGroup;
			children = (
				C8F5F0120B457D2988CA3611D16A9D39 /* Assets.xcassets */,
				079F4B800BEF0C729F1CB06CE28E6137 /* LaunchScreen.storyboard */,
			);
			path = Resources;
			sourceTree = "<group>";
		};
		DD93A2025534CD2F02ECB6614F5B7C72 /* SwiftGen */ = {
			isa = PBXGroup;
			children = (
				CEDBEF88D834A2EEF92809B59DE5A3E5 /* Assets.swift */,
				3AA7E862495F5058B8FC20F85BDD5887 /* Storyboard.swift */,
			);
			path = SwiftGen;
			sourceTree = "<group>";
		};
		E082EE7427130B2D3C60944FB2A6C93F /* Sources */ = {
			isa = PBXGroup;
			children = (
				191A70D5222FF8D30028E3A8 /* Rx */,
				CD5186E880ACE42E03FE332949021ABC /* Common */,
				A5E89637364D57690B1D7606700B2861 /* Models */,
				331D283B5F3BD1A4FF08F6BF636EE5BC /* Services */,
				0E9FCD19E69574EB84B9DE198A50079D /* Storyboards */,
				6B1A0EB903806FDAA7E62C432B9DD1D0 /* Utils */,
				31C897C2CA96708BA3547819DEE919CC /* ViewControllers */,
				564568C48819A9255CF8570EB8DE738A /* Views */,
				0FE9230690396CB88C7EA2F140A1393E /* AppDelegate.swift */,
			);
			path = Sources;
			sourceTree = "<group>";
		};
/* End PBXGroup section */

/* Begin PBXNativeTarget section */
		0DEF1593B4961B190EFC211DC4888648 /* UniTiceTests */ = {
			isa = PBXNativeTarget;
			buildConfigurationList = 20C2FDC256324354C4C8F6CA8DA806AA /* Build configuration list for PBXNativeTarget "UniTiceTests" */;
			buildPhases = (
				E58A3B521CD8D23705FBBE050230280D /* Sources */,
				9A8F2FC670975191314CD5CF1DB1F43F /* Frameworks */,
				101B715E0A9CB5BEE69E9CEA0E984E1B /* Resources */,
			);
			buildRules = (
			);
			dependencies = (
				2DE3A76FD84CC352049091E5A075BA77 /* PBXTargetDependency */,
			);
			name = UniTiceTests;
			productName = UniTiceTests;
			productReference = 92BBCA6AEA72D2D5FFB50308142A812C /* UniTiceTests.xctest */;
			productType = "com.apple.product-type.bundle.unit-test";
		};
		56C774E71F804B442063AA91B3C3BF3A /* UniTice */ = {
			isa = PBXNativeTarget;
			buildConfigurationList = 4E907CF8CE2314DE96C0EC8F610AF0E3 /* Build configuration list for PBXNativeTarget "UniTice" */;
			buildPhases = (
				BB45DCF999269EA8AB63DFC51B25EE84 /* [CP] Check Pods Manifest.lock */,
				2B88ABAFD3730068228527E80BD3FBCD /* Sources */,
				3163DFB45A7EF99E33F1A2A3196F5A92 /* Frameworks */,
				E9FB81C6FA20B9FBBC516C41E98EFAF0 /* Resources */,
				60854F566723294CC23BE2EA13C1C314 /* SwiftLint */,
				855D54511307EC1BCB8547BA8EF9EB99 /* [CP] Embed Pods Frameworks */,
				6620E7ADB210E47A65D103B0950093E0 /* Fabric */,
			);
			buildRules = (
			);
			dependencies = (
			);
			name = UniTice;
			productName = SchoolNoticeNotifier;
			productReference = 09471EDFC8B809AD1C2D0B1B6657E458 /* UniTice.app */;
			productType = "com.apple.product-type.application";
		};
/* End PBXNativeTarget section */

/* Begin PBXProject section */
		0E08ECD84270577819B69C3B4B3D3A4D /* Project object */ = {
			isa = PBXProject;
			attributes = {
				LastSwiftUpdateCheck = 1010;
				LastUpgradeCheck = 1010;
				ORGANIZATIONNAME = presto;
				TargetAttributes = {
					0DEF1593B4961B190EFC211DC4888648 = {
						CreatedOnToolsVersion = 10.1;
						TestTargetID = 56C774E71F804B442063AA91B3C3BF3A;
					};
					56C774E71F804B442063AA91B3C3BF3A = {
						CreatedOnToolsVersion = 10.1;
						SystemCapabilities = {
							com.apple.BackgroundModes = {
								enabled = 1;
							};
							com.apple.Push = {
								enabled = 1;
							};
						};
					};
				};
			};
			buildConfigurationList = 751AD67C84D21F97AF141D86162EB2E8 /* Build configuration list for PBXProject "UniTice" */;
			compatibilityVersion = "Xcode 9.3";
			developmentRegion = en;
			hasScannedForEncodings = 0;
			knownRegions = (
				Base,
			);
			mainGroup = 48377A17571C6BDFE9473535E5750EA5;
			productRefGroup = 6D6A28A9AFD66B11BB9AE47542B85C46 /* Products */;
			projectDirPath = "";
			projectRoot = "";
			targets = (
				56C774E71F804B442063AA91B3C3BF3A /* UniTice */,
				0DEF1593B4961B190EFC211DC4888648 /* UniTiceTests */,
			);
		};
/* End PBXProject section */

/* Begin PBXResourcesBuildPhase section */
		101B715E0A9CB5BEE69E9CEA0E984E1B /* Resources */ = {
			isa = PBXResourcesBuildPhase;
			buildActionMask = 2147483647;
			files = (
			);
			runOnlyForDeploymentPostprocessing = 0;
		};
		E9FB81C6FA20B9FBBC516C41E98EFAF0 /* Resources */ = {
			isa = PBXResourcesBuildPhase;
			buildActionMask = 2147483647;
			files = (
				7DA138650FCB136A090FEBA5CB14465F /* .swiftlint.yml in Resources */,
				328169D4DA229898EEE96F698C4AFE22 /* Assets.xcassets in Resources */,
				E0F64030D67283BF31BD36A1CDD15271 /* GoogleService-Info.plist in Resources */,
				FDEDBE8615E788B6F1114843271DD062 /* KeywordRegisterHeaderView.xib in Resources */,
				D6C87EDB09A09BB489175DD16B4FF20F /* LaunchScreen.storyboard in Resources */,
				5F53B73F567F9D9C7E5B245CF3DABDD3 /* Main.storyboard in Resources */,
				46757892E80C3FF1AE7C8DB31DB502AD /* MainNoticeHeaderView.xib in Resources */,
				5C8CB865689B6E02BC6950A909ED85EE /* Setting.storyboard in Resources */,
				A26E43C3FE0B70E7189B363C83D0C629 /* Start.storyboard in Resources */,
				F74818B9401044D9FAE6012DF9A95BA9 /* swiftgen.yml in Resources */,
			);
			runOnlyForDeploymentPostprocessing = 0;
		};
/* End PBXResourcesBuildPhase section */

/* Begin PBXShellScriptBuildPhase section */
		60854F566723294CC23BE2EA13C1C314 /* SwiftLint */ = {
			isa = PBXShellScriptBuildPhase;
			buildActionMask = 2147483647;
			files = (
			);
			inputFileListPaths = (
			);
			inputPaths = (
			);
			name = SwiftLint;
			outputFileListPaths = (
			);
			outputPaths = (
			);
			runOnlyForDeploymentPostprocessing = 0;
			shellPath = /bin/sh;
			shellScript = "if which swiftlint >/dev/null; then\nswiftlint\nelse\necho \"warning: SwiftLint not installed, download from https://github.com/realm/SwiftLint\"\nfi\n";
		};
		6620E7ADB210E47A65D103B0950093E0 /* Fabric */ = {
			isa = PBXShellScriptBuildPhase;
			buildActionMask = 2147483647;
			files = (
			);
			inputFileListPaths = (
			);
			inputPaths = (
				"",
			);
			name = Fabric;
			outputFileListPaths = (
			);
			outputPaths = (
			);
			runOnlyForDeploymentPostprocessing = 0;
			shellPath = /bin/sh;
			shellScript = "\"${PODS_ROOT}/Fabric/run\" 5c684550614d2f7ba2dbfc8d40b27e36dcda7389 27243f8078eefeb11c1e1a0606dd8aabbfa0f7dcc0a7c59b08251c648be3f237\n";
		};
		855D54511307EC1BCB8547BA8EF9EB99 /* [CP] Embed Pods Frameworks */ = {
			isa = PBXShellScriptBuildPhase;
			buildActionMask = 2147483647;
			files = (
			);
			inputFileListPaths = (
			);
			inputPaths = (
				"${PODS_ROOT}/Target Support Files/Pods-UniTice/Pods-UniTice-frameworks.sh",
				"${BUILT_PRODUCTS_DIR}/DZNEmptyDataSet/DZNEmptyDataSet.framework",
				"${BUILT_PRODUCTS_DIR}/Differentiator/Differentiator.framework",
				"${BUILT_PRODUCTS_DIR}/GoogleUtilities/GoogleUtilities.framework",
				"${BUILT_PRODUCTS_DIR}/Kanna/Kanna.framework",
				"${BUILT_PRODUCTS_DIR}/Protobuf/Protobuf.framework",
				"${BUILT_PRODUCTS_DIR}/ReactorKit/ReactorKit.framework",
				"${BUILT_PRODUCTS_DIR}/Realm/Realm.framework",
				"${BUILT_PRODUCTS_DIR}/RealmSwift/RealmSwift.framework",
				"${BUILT_PRODUCTS_DIR}/RxAtomic/RxAtomic.framework",
				"${BUILT_PRODUCTS_DIR}/RxCocoa/RxCocoa.framework",
				"${BUILT_PRODUCTS_DIR}/RxDataSources/RxDataSources.framework",
				"${BUILT_PRODUCTS_DIR}/RxGesture/RxGesture.framework",
				"${BUILT_PRODUCTS_DIR}/RxOptional/RxOptional.framework",
				"${BUILT_PRODUCTS_DIR}/RxSwift/RxSwift.framework",
				"${BUILT_PRODUCTS_DIR}/RxViewController/RxViewController.framework",
				"${BUILT_PRODUCTS_DIR}/SnapKit/SnapKit.framework",
				"${BUILT_PRODUCTS_DIR}/Then/Then.framework",
				"${BUILT_PRODUCTS_DIR}/XLPagerTabStrip/XLPagerTabStrip.framework",
				"${BUILT_PRODUCTS_DIR}/nanopb/nanopb.framework",
			);
			name = "[CP] Embed Pods Frameworks";
			outputFileListPaths = (
			);
			outputPaths = (
				"${TARGET_BUILD_DIR}/${FRAMEWORKS_FOLDER_PATH}/DZNEmptyDataSet.framework",
				"${TARGET_BUILD_DIR}/${FRAMEWORKS_FOLDER_PATH}/Differentiator.framework",
				"${TARGET_BUILD_DIR}/${FRAMEWORKS_FOLDER_PATH}/GoogleUtilities.framework",
				"${TARGET_BUILD_DIR}/${FRAMEWORKS_FOLDER_PATH}/Kanna.framework",
				"${TARGET_BUILD_DIR}/${FRAMEWORKS_FOLDER_PATH}/Protobuf.framework",
				"${TARGET_BUILD_DIR}/${FRAMEWORKS_FOLDER_PATH}/ReactorKit.framework",
				"${TARGET_BUILD_DIR}/${FRAMEWORKS_FOLDER_PATH}/Realm.framework",
				"${TARGET_BUILD_DIR}/${FRAMEWORKS_FOLDER_PATH}/RealmSwift.framework",
				"${TARGET_BUILD_DIR}/${FRAMEWORKS_FOLDER_PATH}/RxAtomic.framework",
				"${TARGET_BUILD_DIR}/${FRAMEWORKS_FOLDER_PATH}/RxCocoa.framework",
				"${TARGET_BUILD_DIR}/${FRAMEWORKS_FOLDER_PATH}/RxDataSources.framework",
				"${TARGET_BUILD_DIR}/${FRAMEWORKS_FOLDER_PATH}/RxGesture.framework",
				"${TARGET_BUILD_DIR}/${FRAMEWORKS_FOLDER_PATH}/RxOptional.framework",
				"${TARGET_BUILD_DIR}/${FRAMEWORKS_FOLDER_PATH}/RxSwift.framework",
				"${TARGET_BUILD_DIR}/${FRAMEWORKS_FOLDER_PATH}/RxViewController.framework",
				"${TARGET_BUILD_DIR}/${FRAMEWORKS_FOLDER_PATH}/SnapKit.framework",
				"${TARGET_BUILD_DIR}/${FRAMEWORKS_FOLDER_PATH}/Then.framework",
				"${TARGET_BUILD_DIR}/${FRAMEWORKS_FOLDER_PATH}/XLPagerTabStrip.framework",
				"${TARGET_BUILD_DIR}/${FRAMEWORKS_FOLDER_PATH}/nanopb.framework",
			);
			runOnlyForDeploymentPostprocessing = 0;
			shellPath = /bin/sh;
			shellScript = "\"${PODS_ROOT}/Target Support Files/Pods-UniTice/Pods-UniTice-frameworks.sh\"\n";
			showEnvVarsInLog = 0;
		};
		BB45DCF999269EA8AB63DFC51B25EE84 /* [CP] Check Pods Manifest.lock */ = {
			isa = PBXShellScriptBuildPhase;
			buildActionMask = 2147483647;
			files = (
			);
			inputFileListPaths = (
			);
			inputPaths = (
				"${PODS_PODFILE_DIR_PATH}/Podfile.lock",
				"${PODS_ROOT}/Manifest.lock",
			);
			name = "[CP] Check Pods Manifest.lock";
			outputFileListPaths = (
			);
			outputPaths = (
				"$(DERIVED_FILE_DIR)/Pods-UniTice-checkManifestLockResult.txt",
			);
			runOnlyForDeploymentPostprocessing = 0;
			shellPath = /bin/sh;
			shellScript = "diff \"${PODS_PODFILE_DIR_PATH}/Podfile.lock\" \"${PODS_ROOT}/Manifest.lock\" > /dev/null\nif [ $? != 0 ] ; then\n    # print error to STDERR\n    echo \"error: The sandbox is not in sync with the Podfile.lock. Run 'pod install' or update your CocoaPods installation.\" >&2\n    exit 1\nfi\n# This output is used by Xcode 'outputs' to avoid re-running this script phase.\necho \"SUCCESS\" > \"${SCRIPT_OUTPUT_FILE_0}\"\n";
			showEnvVarsInLog = 0;
		};
/* End PBXShellScriptBuildPhase section */

/* Begin PBXSourcesBuildPhase section */
		2B88ABAFD3730068228527E80BD3FBCD /* Sources */ = {
			isa = PBXSourcesBuildPhase;
			buildActionMask = 2147483647;
			files = (
				C7D06BC69177F14E7C9492658A5EEA1A /* AppDelegate.swift in Sources */,
				4B04C7BFA810EEDD79ADA242FD540D30 /* Assets.swift in Sources */,
				C1F65E528EC76FFDF91334DDC407651A /* Bookmark.swift in Sources */,
				B96E4C53356DF88E2E7FD1FBAAE030AF /* BookmarkViewController.swift in Sources */,
				6CB01428FF06D410D6892619FF8C6C14 /* BookmarkViewReactor.swift in Sources */,
				3FCBA46593018FDE55141B635B5EE3BA /* FinishViewController.swift in Sources */,
				256C95C915D9622708D32678401F0185 /* FinishViewReactor.swift in Sources */,
				8EC1F3D66E7385857624EC8AB6469DA6 /* FooterRefreshView.swift in Sources */,
				17B6C087CD479AE77D76238D70BE7127 /* FooterRefreshViewReactor.swift in Sources */,
				3B40F60C1F1164A499D3AC00B14B9A4A /* Global.swift in Sources */,
				1A77BB0ECA9590106DFBC4DE48C7C240 /* HTMLParseManager.swift in Sources */,
				F14AEA7BC9E3F7AEBBAF359603D1AA91 /* InitialInfo.swift in Sources */,
				196772F4D9557518EEB45A2635D04A99 /* KAIST.swift in Sources */,
				066E20DE0157BF04F807014DEF69CB6D /* KC대학교.swift in Sources */,
				F24617A77992AF6B682F199AFB5D275C /* KeywordCell.swift in Sources */,
				CC0A8E81C537E8E88164C34BA924FBB2 /* KeywordCellReactor.swift in Sources */,
				5E6E0D61CFA1A6DDA7E9F6EDF45A2F42 /* KeywordRegisterHeaderView.swift in Sources */,
				8D9B12CD25A1114D8B54C0FCDEF08CE9 /* KeywordRegisterHeaderViewReactor.swift in Sources */,
				63592F74B4889B03DAC260F11498046B /* KeywordRegisterViewController.swift in Sources */,
				6B30E3574954397CF4A688F79F42FE85 /* KeywordRegisterViewReactor.swift in Sources */,
				10466383D9F745D0F90AAB171ADB5154 /* KeywordSettingViewController.swift in Sources */,
				88EDB5FCB2A4B49DD7A61FCB09A4EEA5 /* KeywordSettingViewReactor.swift in Sources */,
				C40C562E30943DD3AB3C419D95B59B9C /* Log.swift in Sources */,
				191A70D7222FF8E70028E3A8 /* UTSection.swift in Sources */,
				6E78DC02DB48D6353D429DEEC93257B4 /* MainContainerViewController.swift in Sources */,
				273E48F804197BFF7076EDA6D402AEEE /* MainContainerViewReactor.swift in Sources */,
				7C566737D01AB0742F24AD41B309D52E /* MainContentTableViewController.swift in Sources */,
				13FCC600B107579C33B2F21E5EB0B921 /* MainNoticeHeaderView.swift in Sources */,
				E8EA9DF3F42EE3B08C44B45215277F99 /* MainNoticeHeaderViewReactor.swift in Sources */,
				FE7694371FBD1229A30AD5BC07CDBCF7 /* NSObject+.swift in Sources */,
				96E789D1D9D1C923F424F219C2272F52 /* Notification.Name+.swift in Sources */,
				0C213955850859C3862CD251C563E831 /* PersistenceService.swift in Sources */,
				659BE41A9537BC60950E998B992EE6FD /* Post.swift in Sources */,
				17896B715811B5132A703FC7F2BAACB8 /* PostCell.swift in Sources */,
				DC648C4FB6B24F40AC0DC73C6CA39F4D /* PostCellReactor.swift in Sources */,
				9B18C8B5F95A0FE040AC6FAF04EA1AC5 /* SearchViewController.swift in Sources */,
				35C6520C017D6F9F20124E8A30EC377D /* SearchViewReactor.swift in Sources */,
				C128D15B72187903A03D05F74F609F69 /* SettingTableViewController.swift in Sources */,
				093D4A7FE3C0CB83F219D79757AAE526 /* SettingTableViewReactor.swift in Sources */,
				6C3B4ED77DDC0BB4F7F540DCCD3C4623 /* Storyboard.swift in Sources */,
				0ED68DF7B19D4197CA13ECC97CFA8FF2 /* String+.swift in Sources */,
				876D8A1027C1157BE1BBD0BDD8B5B490 /* String.Encoding+.swift in Sources */,
				2F4F27445B445AC32EDE286B48094C80 /* Typealias.swift in Sources */,
				D1C215800E6F158616461FB7318485B6 /* UIAlertController+.swift in Sources */,
				022264829BBC645477D3A62F54661532 /* UIColor+.swift in Sources */,
				5036843C1B939058194FA8378C82D842 /* UIView+.swift in Sources */,
				65393B7C7BA73485FA0193C5587B85A4 /* UIViewController+.swift in Sources */,
				0E28CA1F12FD6D94FD0260F67D558020 /* UTButton.swift in Sources */,
				6C9553C0E4B2B3590FDC9AA86C01C53C /* UTButtonType.swift in Sources */,
				EC7748695AFB11AF3850EF0FB685470D /* UTError.swift in Sources */,
				C29213BC44B61F15A7B76DC22D256839 /* University.swift in Sources */,
				7C49E5ABD24E745F01CB95104EF64B07 /* UniversityChangeViewController.swift in Sources */,
				490FE2B0A7828617306B3F66655176A9 /* UniversityChangeViewReactor.swift in Sources */,
				BA8FD2A4B9F8B0A9B67500C879D806EF /* UniversitySelectionViewController.swift in Sources */,
				A560776637B4FB6313089F6B3DC59874 /* UniversitySelectionViewReactor.swift in Sources */,
				E404C5D5362EFBCD6288261508D8E395 /* UniversityType.swift in Sources */,
				E233069DD2F94B0DD0FEA702C74AD87C /* User.swift in Sources */,
				C06968D0C31BE3988697E83DF8B9955E /* 강남대학교.swift in Sources */,
				4CBC24323CB572C6CFE27AD7527E5D7A /* 강원대학교.swift in Sources */,
				DB677E3D094709057BB095CDE0F804B2 /* 경북대학교.swift in Sources */,
				1A3B5C22F61AE1A224285A4A0BA46E35 /* 경상대학교.swift in Sources */,
				2E6E14CA1B612319FBAC50CEB5EE56D2 /* 경성대학교.swift in Sources */,
				3986024C3B28BE7AE8B8C97893533BA8 /* 경희대학교.swift in Sources */,
				8EB50CBE8810E93342D7B2DA5CC602C5 /* 고려대학교.swift in Sources */,
				CFEF968F9A661E02B3FDC94E4A35FEC4 /* 광운대학교.swift in Sources */,
				23ACE97A1EBC2C688BB24590881FDC82 /* 국민대학교.swift in Sources */,
				9E33FDDD25472E3291D7EDEF556551F6 /* 대진대학교.swift in Sources */,
				198DC83E125DEE96B175EA588947E44A /* 덕성여자대학교.swift in Sources */,
				5F6D1A9258B84A8E1F7D5F18DA3B9FBA /* 동국대학교.swift in Sources */,
				415C2B5460F7BFCEBDD822A6E3245D3B /* 동덕여자대학교.swift in Sources */,
				7059B92D21068551D5E8DB37E06E6D58 /* 동신대학교.swift in Sources */,
				07773EA7139674A4FFF8599E88F02292 /* 명지대학교.swift in Sources */,
				4A0C8BF363C1393413787689BE4EDAEA /* 목포대학교.swift in Sources */,
				298F4167A18C6C91D60BDD67923F0C4F /* 부경대학교.swift in Sources */,
				02B72C9E7025E8C50964F3944A8FE1D2 /* 부산대학교.swift in Sources */,
				5EB140A66CD9D48987EA08EC87AB980D /* 삼육대학교.swift in Sources */,
				E46F50E8A4A00EDAF7C5796775ADE0D2 /* 서경대학교.swift in Sources */,
				4D52CC1A1E1E3AB3D91FD912C384A65E /* 서울과학기술대학교.swift in Sources */,
				7C72F8AF48733606F9F3BEFC33DFF586 /* 서울교육대학교.swift in Sources */,
				9FFB12F71BFC62CDFE1288DF0F4B04BC /* 서울대학교.swift in Sources */,
				EE3D43A40FD2ED7F28FBF3244FDAC467 /* 서울여자대학교.swift in Sources */,
				7AB499D10CF1F55A7DD285713A6E8BFB /* 성결대학교.swift in Sources */,
				3DAA93B0B3F6CD4BD70642500F750874 /* 성공회대학교.swift in Sources */,
				128282F9E7D18641563E84E873C73CC9 /* 성균관대학교.swift in Sources */,
				3CD523DE4220AE1754764CAB9879D2A8 /* 성신여자대학교.swift in Sources */,
				48AC05003A490CD1BA594884DA451CE6 /* 세종대학교.swift in Sources */,
				3C749BD635E80C455197BEBA39640D94 /* 세한대학교.swift in Sources */,
				75BFE91C10A858776F5F4C05572204C6 /* 숙명여자대학교.swift in Sources */,
				53038A98BFC74A7568BA101B8D2DBB17 /* 우석대학교.swift in Sources */,
				E509728FD07597F42A2556592E3B6F16 /* 이화여자대학교.swift in Sources */,
				33E082F6225F2F7F05FCEF0724656FF7 /* 전남대학교.swift in Sources */,
				426D7170809FB89FD5ADB170D311B409 /* 전북대학교.swift in Sources */,
				191A70DB22311D4B0028E3A8 /* MainContentTableViewReactor.swift in Sources */,
				F736E1812C96DE2070620C540B18FF4F /* 제주대학교.swift in Sources */,
				2BF5CBDA06D6FB2E7DC9CEA18BB99BDD /* 총신대학교.swift in Sources */,
				77EB44ED1C4391CD1F9D4615DB7DDBF8 /* 충남대학교.swift in Sources */,
				EDE45C738278C5DBA15DECD4BF804F87 /* 충북대학교.swift in Sources */,
				80CDB8CB5E184A6E6CB50FDD2947ABFC /* 한국산업기술대학교.swift in Sources */,
				414A83624490A20764B7B78EC86D848C /* 한국예술종합학교.swift in Sources */,
				65ECE29C312E7FE332D5AFE926A25EBE /* 한국외국어대학교.swift in Sources */,
				CE1332F2C57698B0F07C50ED8205AEF1 /* 한성대학교.swift in Sources */,
				B5E9F0E75D8C7DA6655BB28762E5A7D9 /* 한양대학교.swift in Sources */,
				0A64A6CC1ABCD5CBDEB9AFDDCD335A55 /* 홍익대학교.swift in Sources */,
			);
			runOnlyForDeploymentPostprocessing = 0;
		};
		E58A3B521CD8D23705FBBE050230280D /* Sources */ = {
			isa = PBXSourcesBuildPhase;
			buildActionMask = 2147483647;
			files = (
				E39C2742DFCB900446DBB5411A6E2603 /* KannaTest.swift in Sources */,
			);
			runOnlyForDeploymentPostprocessing = 0;
		};
/* End PBXSourcesBuildPhase section */

/* Begin PBXTargetDependency section */
		2DE3A76FD84CC352049091E5A075BA77 /* PBXTargetDependency */ = {
			isa = PBXTargetDependency;
			target = 56C774E71F804B442063AA91B3C3BF3A /* UniTice */;
			targetProxy = 4D9BA143DFD7378925964ED183BEB946 /* PBXContainerItemProxy */;
		};
/* End PBXTargetDependency section */

/* Begin PBXVariantGroup section */
		079F4B800BEF0C729F1CB06CE28E6137 /* LaunchScreen.storyboard */ = {
			isa = PBXVariantGroup;
			children = (
				4BFB1B60D49B7220F9A3D98A350F7940 /* Base */,
				117058885D273C35A1BD629068D3BF00 /* ko */,
			);
			name = LaunchScreen.storyboard;
			sourceTree = "<group>";
		};
		3C1D49A16274EC680723F8A75C5A6D36 /* Main.storyboard */ = {
			isa = PBXVariantGroup;
			children = (
				438D5B16152A4EF1E67895675E05F393 /* Base */,
			);
			name = Main.storyboard;
			sourceTree = "<group>";
		};
/* End PBXVariantGroup section */

/* Begin XCBuildConfiguration section */
		012C0641D932885E4D3D5154D25A7B60 /* Release */ = {
			isa = XCBuildConfiguration;
			baseConfigurationReference = 45A317AD37A469D9A7C80F0CF6817211 /* Pods-UniTice.release.xcconfig */;
			buildSettings = {
				ASSETCATALOG_COMPILER_APPICON_NAME = AppIcon;
				CODE_SIGN_ENTITLEMENTS = UniTice/UniTice.entitlements;
				CODE_SIGN_IDENTITY = "iPhone Developer";
				CODE_SIGN_STYLE = Automatic;
				DEVELOPMENT_TEAM = H79MF628K3;
				INFOPLIST_FILE = "$(SRCROOT)/UniTice/Supports/Info.plist";
				IPHONEOS_DEPLOYMENT_TARGET = 11.0;
				LD_RUNPATH_SEARCH_PATHS = (
					"$(inherited)",
					"@executable_path/Frameworks",
				);
				PRODUCT_BUNDLE_IDENTIFIER = com.presto.UniTice;
				PRODUCT_NAME = "$(TARGET_NAME)";
				PROVISIONING_PROFILE_SPECIFIER = "";
				SWIFT_VERSION = 4.2;
				TARGETED_DEVICE_FAMILY = 1;
			};
			name = Release;
		};
		7FAB48264649B411BA341B3905391946 /* Debug */ = {
			isa = XCBuildConfiguration;
			baseConfigurationReference = DB0E30EBB9B143F442C80ABAA434FC0F /* Pods-UniTice.debug.xcconfig */;
			buildSettings = {
				ASSETCATALOG_COMPILER_APPICON_NAME = AppIcon;
				CODE_SIGN_ENTITLEMENTS = UniTice/UniTice.entitlements;
				CODE_SIGN_IDENTITY = "iPhone Developer";
				CODE_SIGN_STYLE = Automatic;
				DEBUG_INFORMATION_FORMAT = "dwarf-with-dsym";
				DEVELOPMENT_TEAM = H79MF628K3;
				INFOPLIST_FILE = "$(SRCROOT)/UniTice/Supports/Info.plist";
				IPHONEOS_DEPLOYMENT_TARGET = 11.0;
				LD_RUNPATH_SEARCH_PATHS = (
					"$(inherited)",
					"@executable_path/Frameworks",
				);
				PRODUCT_BUNDLE_IDENTIFIER = com.presto.UniTice;
				PRODUCT_NAME = "$(TARGET_NAME)";
				PROVISIONING_PROFILE_SPECIFIER = "";
				SWIFT_VERSION = 4.2;
				TARGETED_DEVICE_FAMILY = 1;
			};
			name = Debug;
		};
		809576FDFED9ADB235BB3F5336861B9A /* Release */ = {
			isa = XCBuildConfiguration;
			buildSettings = {
				ALWAYS_SEARCH_USER_PATHS = NO;
				CLANG_ANALYZER_NONNULL = YES;
				CLANG_ANALYZER_NUMBER_OBJECT_CONVERSION = YES_AGGRESSIVE;
				CLANG_CXX_LANGUAGE_STANDARD = "gnu++14";
				CLANG_CXX_LIBRARY = "libc++";
				CLANG_ENABLE_MODULES = YES;
				CLANG_ENABLE_OBJC_ARC = YES;
				CLANG_ENABLE_OBJC_WEAK = YES;
				CLANG_WARN_BLOCK_CAPTURE_AUTORELEASING = YES;
				CLANG_WARN_BOOL_CONVERSION = YES;
				CLANG_WARN_COMMA = YES;
				CLANG_WARN_CONSTANT_CONVERSION = YES;
				CLANG_WARN_DEPRECATED_OBJC_IMPLEMENTATIONS = YES;
				CLANG_WARN_DIRECT_OBJC_ISA_USAGE = YES_ERROR;
				CLANG_WARN_DOCUMENTATION_COMMENTS = YES;
				CLANG_WARN_EMPTY_BODY = YES;
				CLANG_WARN_ENUM_CONVERSION = YES;
				CLANG_WARN_INFINITE_RECURSION = YES;
				CLANG_WARN_INT_CONVERSION = YES;
				CLANG_WARN_NON_LITERAL_NULL_CONVERSION = YES;
				CLANG_WARN_OBJC_IMPLICIT_RETAIN_SELF = YES;
				CLANG_WARN_OBJC_LITERAL_CONVERSION = YES;
				CLANG_WARN_OBJC_ROOT_CLASS = YES_ERROR;
				CLANG_WARN_RANGE_LOOP_ANALYSIS = YES;
				CLANG_WARN_STRICT_PROTOTYPES = YES;
				CLANG_WARN_SUSPICIOUS_MOVE = YES;
				CLANG_WARN_UNGUARDED_AVAILABILITY = YES_AGGRESSIVE;
				CLANG_WARN_UNREACHABLE_CODE = YES;
				CLANG_WARN__DUPLICATE_METHOD_MATCH = YES;
				CODE_SIGN_IDENTITY = "iPhone Developer";
				COPY_PHASE_STRIP = NO;
				DEBUG_INFORMATION_FORMAT = "dwarf-with-dsym";
				ENABLE_NS_ASSERTIONS = NO;
				ENABLE_STRICT_OBJC_MSGSEND = YES;
				GCC_C_LANGUAGE_STANDARD = gnu11;
				GCC_NO_COMMON_BLOCKS = YES;
				GCC_WARN_64_TO_32_BIT_CONVERSION = YES;
				GCC_WARN_ABOUT_RETURN_TYPE = YES_ERROR;
				GCC_WARN_UNDECLARED_SELECTOR = YES;
				GCC_WARN_UNINITIALIZED_AUTOS = YES_AGGRESSIVE;
				GCC_WARN_UNUSED_FUNCTION = YES;
				GCC_WARN_UNUSED_VARIABLE = YES;
				IPHONEOS_DEPLOYMENT_TARGET = 11.0;
				MTL_ENABLE_DEBUG_INFO = NO;
				MTL_FAST_MATH = YES;
				SDKROOT = iphoneos;
				SWIFT_COMPILATION_MODE = wholemodule;
				SWIFT_OPTIMIZATION_LEVEL = "-O";
				VALIDATE_PRODUCT = YES;
			};
			name = Release;
		};
		B75B1DD8C1A9A8017DDCF8D7C9482597 /* Debug */ = {
			isa = XCBuildConfiguration;
			buildSettings = {
				BUNDLE_LOADER = "$(TEST_HOST)";
				CODE_SIGN_STYLE = Automatic;
				DEVELOPMENT_TEAM = H79MF628K3;
				HEADER_SEARCH_PATHS = (
					"$(SDKROOT)/usr/include/libxml2",
					"${PODS_ROOT}/Firebase/Core/Sources",
				);
				INFOPLIST_FILE = UniTiceTests/Info.plist;
				IPHONEOS_DEPLOYMENT_TARGET = 12.1;
				LD_RUNPATH_SEARCH_PATHS = (
					"$(inherited)",
					"@executable_path/Frameworks",
					"@loader_path/Frameworks",
				);
				PRODUCT_BUNDLE_IDENTIFIER = com.presto.UniTiceTests;
				PRODUCT_NAME = "$(TARGET_NAME)";
				SWIFT_VERSION = 4.2;
				TARGETED_DEVICE_FAMILY = "1,2";
				TEST_HOST = "$(BUILT_PRODUCTS_DIR)/UniTice.app/UniTice";
			};
			name = Debug;
		};
		D0DDF03B1F0DF78D6F54C3E73C17F83F /* Debug */ = {
			isa = XCBuildConfiguration;
			buildSettings = {
				ALWAYS_SEARCH_USER_PATHS = NO;
				CLANG_ANALYZER_NONNULL = YES;
				CLANG_ANALYZER_NUMBER_OBJECT_CONVERSION = YES_AGGRESSIVE;
				CLANG_CXX_LANGUAGE_STANDARD = "gnu++14";
				CLANG_CXX_LIBRARY = "libc++";
				CLANG_ENABLE_MODULES = YES;
				CLANG_ENABLE_OBJC_ARC = YES;
				CLANG_ENABLE_OBJC_WEAK = YES;
				CLANG_WARN_BLOCK_CAPTURE_AUTORELEASING = YES;
				CLANG_WARN_BOOL_CONVERSION = YES;
				CLANG_WARN_COMMA = YES;
				CLANG_WARN_CONSTANT_CONVERSION = YES;
				CLANG_WARN_DEPRECATED_OBJC_IMPLEMENTATIONS = YES;
				CLANG_WARN_DIRECT_OBJC_ISA_USAGE = YES_ERROR;
				CLANG_WARN_DOCUMENTATION_COMMENTS = YES;
				CLANG_WARN_EMPTY_BODY = YES;
				CLANG_WARN_ENUM_CONVERSION = YES;
				CLANG_WARN_INFINITE_RECURSION = YES;
				CLANG_WARN_INT_CONVERSION = YES;
				CLANG_WARN_NON_LITERAL_NULL_CONVERSION = YES;
				CLANG_WARN_OBJC_IMPLICIT_RETAIN_SELF = YES;
				CLANG_WARN_OBJC_LITERAL_CONVERSION = YES;
				CLANG_WARN_OBJC_ROOT_CLASS = YES_ERROR;
				CLANG_WARN_RANGE_LOOP_ANALYSIS = YES;
				CLANG_WARN_STRICT_PROTOTYPES = YES;
				CLANG_WARN_SUSPICIOUS_MOVE = YES;
				CLANG_WARN_UNGUARDED_AVAILABILITY = YES_AGGRESSIVE;
				CLANG_WARN_UNREACHABLE_CODE = YES;
				CLANG_WARN__DUPLICATE_METHOD_MATCH = YES;
				CODE_SIGN_IDENTITY = "iPhone Developer";
				COPY_PHASE_STRIP = NO;
				DEBUG_INFORMATION_FORMAT = dwarf;
				ENABLE_STRICT_OBJC_MSGSEND = YES;
				ENABLE_TESTABILITY = YES;
				GCC_C_LANGUAGE_STANDARD = gnu11;
				GCC_DYNAMIC_NO_PIC = NO;
				GCC_NO_COMMON_BLOCKS = YES;
				GCC_OPTIMIZATION_LEVEL = 0;
				GCC_PREPROCESSOR_DEFINITIONS = (
					"DEBUG=1",
					"$(inherited)",
				);
				GCC_WARN_64_TO_32_BIT_CONVERSION = YES;
				GCC_WARN_ABOUT_RETURN_TYPE = YES_ERROR;
				GCC_WARN_UNDECLARED_SELECTOR = YES;
				GCC_WARN_UNINITIALIZED_AUTOS = YES_AGGRESSIVE;
				GCC_WARN_UNUSED_FUNCTION = YES;
				GCC_WARN_UNUSED_VARIABLE = YES;
				IPHONEOS_DEPLOYMENT_TARGET = 11.0;
				MTL_ENABLE_DEBUG_INFO = INCLUDE_SOURCE;
				MTL_FAST_MATH = YES;
				ONLY_ACTIVE_ARCH = YES;
				SDKROOT = iphoneos;
				SWIFT_ACTIVE_COMPILATION_CONDITIONS = DEBUG;
				SWIFT_OPTIMIZATION_LEVEL = "-Onone";
			};
			name = Debug;
		};
		DDDCC894203490DED462905BBF1FB127 /* Release */ = {
			isa = XCBuildConfiguration;
			buildSettings = {
				BUNDLE_LOADER = "$(TEST_HOST)";
				CODE_SIGN_STYLE = Automatic;
				DEVELOPMENT_TEAM = H79MF628K3;
				HEADER_SEARCH_PATHS = (
					"$(SDKROOT)/usr/include/libxml2",
					"${PODS_ROOT}/Firebase/Core/Sources",
				);
				INFOPLIST_FILE = UniTiceTests/Info.plist;
				IPHONEOS_DEPLOYMENT_TARGET = 12.1;
				LD_RUNPATH_SEARCH_PATHS = (
					"$(inherited)",
					"@executable_path/Frameworks",
					"@loader_path/Frameworks",
				);
				PRODUCT_BUNDLE_IDENTIFIER = com.presto.UniTiceTests;
				PRODUCT_NAME = "$(TARGET_NAME)";
				SWIFT_VERSION = 4.2;
				TARGETED_DEVICE_FAMILY = "1,2";
				TEST_HOST = "$(BUILT_PRODUCTS_DIR)/UniTice.app/UniTice";
			};
			name = Release;
		};
/* End XCBuildConfiguration section */

/* Begin XCConfigurationList section */
		20C2FDC256324354C4C8F6CA8DA806AA /* Build configuration list for PBXNativeTarget "UniTiceTests" */ = {
			isa = XCConfigurationList;
			buildConfigurations = (
				B75B1DD8C1A9A8017DDCF8D7C9482597 /* Debug */,
				DDDCC894203490DED462905BBF1FB127 /* Release */,
			);
			defaultConfigurationIsVisible = 0;
			defaultConfigurationName = Release;
		};
		4E907CF8CE2314DE96C0EC8F610AF0E3 /* Build configuration list for PBXNativeTarget "UniTice" */ = {
			isa = XCConfigurationList;
			buildConfigurations = (
				7FAB48264649B411BA341B3905391946 /* Debug */,
				012C0641D932885E4D3D5154D25A7B60 /* Release */,
			);
			defaultConfigurationIsVisible = 0;
			defaultConfigurationName = Release;
		};
		751AD67C84D21F97AF141D86162EB2E8 /* Build configuration list for PBXProject "UniTice" */ = {
			isa = XCConfigurationList;
			buildConfigurations = (
				D0DDF03B1F0DF78D6F54C3E73C17F83F /* Debug */,
				809576FDFED9ADB235BB3F5336861B9A /* Release */,
			);
			defaultConfigurationIsVisible = 0;
			defaultConfigurationName = Release;
		};
/* End XCConfigurationList section */
	};
	rootObject = 0E08ECD84270577819B69C3B4B3D3A4D /* Project object */;
}
